// !$*UTF8*$!
{
	archiveVersion = 1;
	classes = {
	};
	objectVersion = 77;
	objects = {

/* Begin PBXBuildFile section */
			2A4B56AE2D8DB48D00760BCA /* ComposableArchitecture in Frameworks */ = {isa = PBXBuildFile; productRef = 2A4B56AD2D8DB48D00760BCA /* ComposableArchitecture */; };
			2A4B56B02D8DB4AB00760BCA /* ComposableArchitecture in Frameworks */ = {isa = PBXBuildFile; productRef = 2A4B56AF2D8DB4AB00760BCA /* ComposableArchitecture */; };
			2B1000012E5F000100000001 /* Dependencies in Frameworks */ = {isa = PBXBuildFile; productRef = 2B1001012E5F000100000001 /* Dependencies */; };
			2B1000022E5F000100000001 /* CasePaths in Frameworks */ = {isa = PBXBuildFile; productRef = 2B1001022E5F000100000001 /* CasePaths */; };
			2B1000032E5F000100000001 /* Perception in Frameworks */ = {isa = PBXBuildFile; productRef = 2B1001032E5F000100000001 /* Perception */; };
			2B1000042E5F000100000001 /* Dependencies in Frameworks */ = {isa = PBXBuildFile; productRef = 2B1001042E5F000100000001 /* Dependencies */; };
			2B1000052E5F000100000001 /* CasePaths in Frameworks */ = {isa = PBXBuildFile; productRef = 2B1001052E5F000100000001 /* CasePaths */; };
			2B1000062E5F000100000001 /* Perception in Frameworks */ = {isa = PBXBuildFile; productRef = 2B1001062E5F000100000001 /* Perception */; };
			2B1000072E5F000100000001 /* ConcurrencyExtras in Frameworks */ = {isa = PBXBuildFile; productRef = 2B1001072E5F000100000001 /* ConcurrencyExtras */; };
			2B1000082E5F000100000001 /* ConcurrencyExtras in Frameworks */ = {isa = PBXBuildFile; productRef = 2B1001082E5F000100000001 /* ConcurrencyExtras */; };
			2B1000092E5F000100000001 /* PerceptionCore in Frameworks */ = {isa = PBXBuildFile; productRef = 2B1001092E5F000100000001 /* PerceptionCore */; };
			2B1000102E5F000100000001 /* PerceptionCore in Frameworks */ = {isa = PBXBuildFile; productRef = 2B1001102E5F000100000001 /* PerceptionCore */; };
/* End PBXBuildFile section */

/* Begin PBXContainerItemProxy section */
		2A5A74CE2D7B92F900E91075 /* PBXContainerItemProxy */ = {
			isa = PBXContainerItemProxy;
			containerPortal = 2A5A74B52D7B92F600E91075 /* Project object */;
			proxyType = 1;
			remoteGlobalIDString = 2A5A74BC2D7B92F600E91075;
			remoteInfo = CallMom;
		};
		2A5A74D82D7B92F900E91075 /* PBXContainerItemProxy */ = {
			isa = PBXContainerItemProxy;
			containerPortal = 2A5A74B52D7B92F600E91075 /* Project object */;
			proxyType = 1;
			remoteGlobalIDString = 2A5A74BC2D7B92F600E91075;
			remoteInfo = CallMom;
		};
/* End PBXContainerItemProxy section */

/* Begin PBXFileReference section */
		2A5A74BD2D7B92F600E91075 /* Routina.app */ = {isa = PBXFileReference; explicitFileType = wrapper.application; includeInIndex = 0; path = Routina.app; sourceTree = BUILT_PRODUCTS_DIR; };
		2A5A74CD2D7B92F900E91075 /* RoutinaTests.xctest */ = {isa = PBXFileReference; explicitFileType = wrapper.cfbundle; includeInIndex = 0; path = RoutinaTests.xctest; sourceTree = BUILT_PRODUCTS_DIR; };
		2A5A74D72D7B92F900E91075 /* RoutinaUITests.xctest */ = {isa = PBXFileReference; explicitFileType = wrapper.cfbundle; includeInIndex = 0; path = RoutinaUITests.xctest; sourceTree = BUILT_PRODUCTS_DIR; };
/* End PBXFileReference section */

/* Begin PBXFileSystemSynchronizedBuildFileExceptionSet section */
		2AF327682E3DA5400003D53E /* Exceptions for "Routina" folder in "Routina" target */ = {
			isa = PBXFileSystemSynchronizedBuildFileExceptionSet;
			membershipExceptions = (
				Info.plist,
			);
			target = 2A5A74BC2D7B92F600E91075 /* Routina */;
		};
/* End PBXFileSystemSynchronizedBuildFileExceptionSet section */

/* Begin PBXFileSystemSynchronizedRootGroup section */
		2A5A74BF2D7B92F600E91075 /* Routina */ = {
			isa = PBXFileSystemSynchronizedRootGroup;
			exceptions = (
				2AF327682E3DA5400003D53E /* Exceptions for "Routina" folder in "Routina" target */,
			);
			path = Routina;
			sourceTree = "<group>";
		};
		2A5A74D02D7B92F900E91075 /* RoutinaTests */ = {
			isa = PBXFileSystemSynchronizedRootGroup;
			path = RoutinaTests;
			sourceTree = "<group>";
		};
		2A5A74DA2D7B92F900E91075 /* RoutinaUITests */ = {
			isa = PBXFileSystemSynchronizedRootGroup;
			path = RoutinaUITests;
			sourceTree = "<group>";
		};
/* End PBXFileSystemSynchronizedRootGroup section */

/* Begin PBXFrameworksBuildPhase section */
			2A5A74BA2D7B92F600E91075 /* Frameworks */ = {
				isa = PBXFrameworksBuildPhase;
				buildActionMask = 2147483647;
				files = (
					2A4B56AE2D8DB48D00760BCA /* ComposableArchitecture in Frameworks */,
					2B1000012E5F000100000001 /* Dependencies in Frameworks */,
					2B1000022E5F000100000001 /* CasePaths in Frameworks */,
					2B1000032E5F000100000001 /* Perception in Frameworks */,
					2B1000072E5F000100000001 /* ConcurrencyExtras in Frameworks */,
					2B1000092E5F000100000001 /* PerceptionCore in Frameworks */,
				);
				runOnlyForDeploymentPostprocessing = 0;
			};
			2A5A74CA2D7B92F900E91075 /* Frameworks */ = {
				isa = PBXFrameworksBuildPhase;
				buildActionMask = 2147483647;
				files = (
					2A4B56B02D8DB4AB00760BCA /* ComposableArchitecture in Frameworks */,
					2B1000042E5F000100000001 /* Dependencies in Frameworks */,
					2B1000052E5F000100000001 /* CasePaths in Frameworks */,
					2B1000062E5F000100000001 /* Perception in Frameworks */,
					2B1000082E5F000100000001 /* ConcurrencyExtras in Frameworks */,
					2B1000102E5F000100000001 /* PerceptionCore in Frameworks */,
				);
				runOnlyForDeploymentPostprocessing = 0;
			};
		2A5A74D42D7B92F900E91075 /* Frameworks */ = {
			isa = PBXFrameworksBuildPhase;
			buildActionMask = 2147483647;
			files = (
			);
			runOnlyForDeploymentPostprocessing = 0;
		};
/* End PBXFrameworksBuildPhase section */

/* Begin PBXGroup section */
		2A4B56A92D8DB46700760BCA /* Frameworks */ = {
			isa = PBXGroup;
			children = (
			);
			name = Frameworks;
			sourceTree = "<group>";
		};
		2A5A74B42D7B92F600E91075 = {
			isa = PBXGroup;
			children = (
				2A5A74BF2D7B92F600E91075 /* Routina */,
				2A5A74D02D7B92F900E91075 /* RoutinaTests */,
				2A5A74DA2D7B92F900E91075 /* RoutinaUITests */,
				2A4B56A92D8DB46700760BCA /* Frameworks */,
				2A5A74BE2D7B92F600E91075 /* Products */,
			);
			sourceTree = "<group>";
		};
		2A5A74BE2D7B92F600E91075 /* Products */ = {
			isa = PBXGroup;
			children = (
				2A5A74BD2D7B92F600E91075 /* Routina.app */,
				2A5A74CD2D7B92F900E91075 /* RoutinaTests.xctest */,
				2A5A74D72D7B92F900E91075 /* RoutinaUITests.xctest */,
			);
			name = Products;
			sourceTree = "<group>";
		};
/* End PBXGroup section */

/* Begin PBXNativeTarget section */
		2A5A74BC2D7B92F600E91075 /* Routina */ = {
			isa = PBXNativeTarget;
			buildConfigurationList = 2A5A74E12D7B92F900E91075 /* Build configuration list for PBXNativeTarget "Routina" */;
			buildPhases = (
				2A5A74B92D7B92F600E91075 /* Sources */,
				2A5A74BA2D7B92F600E91075 /* Frameworks */,
				2A5A74BB2D7B92F600E91075 /* Resources */,
			);
			buildRules = (
			);
			dependencies = (
			);
			fileSystemSynchronizedGroups = (
				2A5A74BF2D7B92F600E91075 /* Routina */,
			);
				name = Routina;
				packageProductDependencies = (
					2A4B56AD2D8DB48D00760BCA /* ComposableArchitecture */,
					2B1001012E5F000100000001 /* Dependencies */,
					2B1001022E5F000100000001 /* CasePaths */,
					2B1001032E5F000100000001 /* Perception */,
					2B1001072E5F000100000001 /* ConcurrencyExtras */,
					2B1001092E5F000100000001 /* PerceptionCore */,
				);
				productName = CallMom;
				productReference = 2A5A74BD2D7B92F600E91075 /* Routina.app */;
			productType = "com.apple.product-type.application";
		};
		2A5A74CC2D7B92F900E91075 /* RoutinaTests */ = {
			isa = PBXNativeTarget;
			buildConfigurationList = 2A5A74E42D7B92F900E91075 /* Build configuration list for PBXNativeTarget "RoutinaTests" */;
			buildPhases = (
				2A5A74C92D7B92F900E91075 /* Sources */,
				2A5A74CA2D7B92F900E91075 /* Frameworks */,
				2A5A74CB2D7B92F900E91075 /* Resources */,
			);
			buildRules = (
			);
			dependencies = (
				2A5A74CF2D7B92F900E91075 /* PBXTargetDependency */,
			);
			fileSystemSynchronizedGroups = (
				2A5A74D02D7B92F900E91075 /* RoutinaTests */,
			);
				name = RoutinaTests;
				packageProductDependencies = (
					2A4B56AF2D8DB4AB00760BCA /* ComposableArchitecture */,
					2B1001042E5F000100000001 /* Dependencies */,
					2B1001052E5F000100000001 /* CasePaths */,
					2B1001062E5F000100000001 /* Perception */,
					2B1001082E5F000100000001 /* ConcurrencyExtras */,
					2B1001102E5F000100000001 /* PerceptionCore */,
				);
				productName = CallMomTests;
				productReference = 2A5A74CD2D7B92F900E91075 /* RoutinaTests.xctest */;
			productType = "com.apple.product-type.bundle.unit-test";
		};
		2A5A74D62D7B92F900E91075 /* RoutinaUITests */ = {
			isa = PBXNativeTarget;
			buildConfigurationList = 2A5A74E72D7B92F900E91075 /* Build configuration list for PBXNativeTarget "RoutinaUITests" */;
			buildPhases = (
				2A5A74D32D7B92F900E91075 /* Sources */,
				2A5A74D42D7B92F900E91075 /* Frameworks */,
				2A5A74D52D7B92F900E91075 /* Resources */,
			);
			buildRules = (
			);
			dependencies = (
				2A5A74D92D7B92F900E91075 /* PBXTargetDependency */,
			);
			fileSystemSynchronizedGroups = (
				2A5A74DA2D7B92F900E91075 /* RoutinaUITests */,
			);
			name = RoutinaUITests;
			packageProductDependencies = (
			);
			productName = CallMomUITests;
			productReference = 2A5A74D72D7B92F900E91075 /* RoutinaUITests.xctest */;
			productType = "com.apple.product-type.bundle.ui-testing";
		};
/* End PBXNativeTarget section */

/* Begin PBXProject section */
		2A5A74B52D7B92F600E91075 /* Project object */ = {
			isa = PBXProject;
			attributes = {
				BuildIndependentTargetsInParallel = 1;
				LastSwiftUpdateCheck = 1620;
				LastUpgradeCheck = 1620;
				TargetAttributes = {
					2A5A74BC2D7B92F600E91075 = {
						CreatedOnToolsVersion = 16.2;
					};
					2A5A74CC2D7B92F900E91075 = {
						CreatedOnToolsVersion = 16.2;
						TestTargetID = 2A5A74BC2D7B92F600E91075;
					};
					2A5A74D62D7B92F900E91075 = {
						CreatedOnToolsVersion = 16.2;
						TestTargetID = 2A5A74BC2D7B92F600E91075;
					};
				};
			};
			buildConfigurationList = 2A5A74B82D7B92F600E91075 /* Build configuration list for PBXProject "Routina" */;
			developmentRegion = en;
			hasScannedForEncodings = 0;
			knownRegions = (
				en,
				Base,
			);
			mainGroup = 2A5A74B42D7B92F600E91075;
			minimizedProjectReferenceProxies = 1;
				packageReferences = (
					2A4B56AC2D8DB48D00760BCA /* XCRemoteSwiftPackageReference "swift-composable-architecture" */,
					2B1002012E5F000100000001 /* XCRemoteSwiftPackageReference "swift-dependencies" */,
					2B1002022E5F000100000001 /* XCRemoteSwiftPackageReference "swift-case-paths" */,
					2B1002032E5F000100000001 /* XCRemoteSwiftPackageReference "swift-perception" */,
					2B1002042E5F000100000001 /* XCRemoteSwiftPackageReference "swift-concurrency-extras" */,
				);
			preferredProjectObjectVersion = 77;
			productRefGroup = 2A5A74BE2D7B92F600E91075 /* Products */;
			projectDirPath = "";
			projectRoot = "";
			targets = (
				2A5A74BC2D7B92F600E91075 /* Routina */,
				2A5A74CC2D7B92F900E91075 /* RoutinaTests */,
				2A5A74D62D7B92F900E91075 /* RoutinaUITests */,
			);
		};
/* End PBXProject section */

/* Begin PBXResourcesBuildPhase section */
		2A5A74BB2D7B92F600E91075 /* Resources */ = {
			isa = PBXResourcesBuildPhase;
			buildActionMask = 2147483647;
			files = (
			);
			runOnlyForDeploymentPostprocessing = 0;
		};
		2A5A74CB2D7B92F900E91075 /* Resources */ = {
			isa = PBXResourcesBuildPhase;
			buildActionMask = 2147483647;
			files = (
			);
			runOnlyForDeploymentPostprocessing = 0;
		};
		2A5A74D52D7B92F900E91075 /* Resources */ = {
			isa = PBXResourcesBuildPhase;
			buildActionMask = 2147483647;
			files = (
			);
			runOnlyForDeploymentPostprocessing = 0;
		};
/* End PBXResourcesBuildPhase section */

/* Begin PBXSourcesBuildPhase section */
		2A5A74B92D7B92F600E91075 /* Sources */ = {
			isa = PBXSourcesBuildPhase;
			buildActionMask = 2147483647;
			files = (
			);
			runOnlyForDeploymentPostprocessing = 0;
		};
		2A5A74C92D7B92F900E91075 /* Sources */ = {
			isa = PBXSourcesBuildPhase;
			buildActionMask = 2147483647;
			files = (
			);
			runOnlyForDeploymentPostprocessing = 0;
		};
		2A5A74D32D7B92F900E91075 /* Sources */ = {
			isa = PBXSourcesBuildPhase;
			buildActionMask = 2147483647;
			files = (
			);
			runOnlyForDeploymentPostprocessing = 0;
		};
/* End PBXSourcesBuildPhase section */

/* Begin PBXTargetDependency section */
		2A5A74CF2D7B92F900E91075 /* PBXTargetDependency */ = {
			isa = PBXTargetDependency;
			target = 2A5A74BC2D7B92F600E91075 /* Routina */;
			targetProxy = 2A5A74CE2D7B92F900E91075 /* PBXContainerItemProxy */;
		};
		2A5A74D92D7B92F900E91075 /* PBXTargetDependency */ = {
			isa = PBXTargetDependency;
			target = 2A5A74BC2D7B92F600E91075 /* Routina */;
			targetProxy = 2A5A74D82D7B92F900E91075 /* PBXContainerItemProxy */;
		};
/* End PBXTargetDependency section */

/* Begin XCBuildConfiguration section */
		2A5A74DF2D7B92F900E91075 /* Debug */ = {
			isa = XCBuildConfiguration;
			buildSettings = {
				ALWAYS_SEARCH_USER_PATHS = NO;
				ASSETCATALOG_COMPILER_GENERATE_SWIFT_ASSET_SYMBOL_EXTENSIONS = YES;
				CLANG_ANALYZER_NONNULL = YES;
				CLANG_ANALYZER_NUMBER_OBJECT_CONVERSION = YES_AGGRESSIVE;
				CLANG_CXX_LANGUAGE_STANDARD = "gnu++20";
				CLANG_ENABLE_MODULES = YES;
				CLANG_ENABLE_OBJC_ARC = YES;
				CLANG_ENABLE_OBJC_WEAK = YES;
				CLANG_WARN_BLOCK_CAPTURE_AUTORELEASING = YES;
				CLANG_WARN_BOOL_CONVERSION = YES;
				CLANG_WARN_COMMA = YES;
				CLANG_WARN_CONSTANT_CONVERSION = YES;
				CLANG_WARN_DEPRECATED_OBJC_IMPLEMENTATIONS = YES;
				CLANG_WARN_DIRECT_OBJC_ISA_USAGE = YES_ERROR;
				CLANG_WARN_DOCUMENTATION_COMMENTS = YES;
				CLANG_WARN_EMPTY_BODY = YES;
				CLANG_WARN_ENUM_CONVERSION = YES;
				CLANG_WARN_INFINITE_RECURSION = YES;
				CLANG_WARN_INT_CONVERSION = YES;
				CLANG_WARN_NON_LITERAL_NULL_CONVERSION = YES;
				CLANG_WARN_OBJC_IMPLICIT_RETAIN_SELF = YES;
				CLANG_WARN_OBJC_LITERAL_CONVERSION = YES;
				CLANG_WARN_OBJC_ROOT_CLASS = YES_ERROR;
				CLANG_WARN_QUOTED_INCLUDE_IN_FRAMEWORK_HEADER = YES;
				CLANG_WARN_RANGE_LOOP_ANALYSIS = YES;
				CLANG_WARN_STRICT_PROTOTYPES = YES;
				CLANG_WARN_SUSPICIOUS_MOVE = YES;
				CLANG_WARN_UNGUARDED_AVAILABILITY = YES_AGGRESSIVE;
				CLANG_WARN_UNREACHABLE_CODE = YES;
				CLANG_WARN__DUPLICATE_METHOD_MATCH = YES;
				COPY_PHASE_STRIP = NO;
				CURRENT_PROJECT_VERSION = 0.2;
				DEBUG_INFORMATION_FORMAT = dwarf;
				ENABLE_STRICT_OBJC_MSGSEND = YES;
				ENABLE_TESTABILITY = YES;
				ENABLE_USER_SCRIPT_SANDBOXING = YES;
				GCC_C_LANGUAGE_STANDARD = gnu17;
				GCC_DYNAMIC_NO_PIC = NO;
				GCC_NO_COMMON_BLOCKS = YES;
				GCC_OPTIMIZATION_LEVEL = 0;
				GCC_PREPROCESSOR_DEFINITIONS = (
					"DEBUG=1",
					"$(inherited)",
				);
				GCC_WARN_64_TO_32_BIT_CONVERSION = YES;
				GCC_WARN_ABOUT_RETURN_TYPE = YES_ERROR;
				GCC_WARN_UNDECLARED_SELECTOR = YES;
				GCC_WARN_UNINITIALIZED_AUTOS = YES_AGGRESSIVE;
				GCC_WARN_UNUSED_FUNCTION = YES;
				GCC_WARN_UNUSED_VARIABLE = YES;
				IPHONEOS_DEPLOYMENT_TARGET = 18.2;
				LOCALIZATION_PREFERS_STRING_CATALOGS = YES;
				MTL_ENABLE_DEBUG_INFO = INCLUDE_SOURCE;
				MTL_FAST_MATH = YES;
				ONLY_ACTIVE_ARCH = YES;
				SDKROOT = iphoneos;
				SWIFT_ENABLE_EXPLICIT_MODULES = NO;
				SWIFT_ACTIVE_COMPILATION_CONDITIONS = "DEBUG $(inherited)";
				SWIFT_OPTIMIZATION_LEVEL = "-Onone";
				SWIFT_USE_INTEGRATED_DRIVER = NO;
			};
			name = Debug;
		};
		2A5A74E02D7B92F900E91075 /* Release */ = {
			isa = XCBuildConfiguration;
			buildSettings = {
				ALWAYS_SEARCH_USER_PATHS = NO;
				ASSETCATALOG_COMPILER_GENERATE_SWIFT_ASSET_SYMBOL_EXTENSIONS = YES;
				CLANG_ANALYZER_NONNULL = YES;
				CLANG_ANALYZER_NUMBER_OBJECT_CONVERSION = YES_AGGRESSIVE;
				CLANG_CXX_LANGUAGE_STANDARD = "gnu++20";
				CLANG_ENABLE_MODULES = YES;
				CLANG_ENABLE_OBJC_ARC = YES;
				CLANG_ENABLE_OBJC_WEAK = YES;
				CLANG_WARN_BLOCK_CAPTURE_AUTORELEASING = YES;
				CLANG_WARN_BOOL_CONVERSION = YES;
				CLANG_WARN_COMMA = YES;
				CLANG_WARN_CONSTANT_CONVERSION = YES;
				CLANG_WARN_DEPRECATED_OBJC_IMPLEMENTATIONS = YES;
				CLANG_WARN_DIRECT_OBJC_ISA_USAGE = YES_ERROR;
				CLANG_WARN_DOCUMENTATION_COMMENTS = YES;
				CLANG_WARN_EMPTY_BODY = YES;
				CLANG_WARN_ENUM_CONVERSION = YES;
				CLANG_WARN_INFINITE_RECURSION = YES;
				CLANG_WARN_INT_CONVERSION = YES;
				CLANG_WARN_NON_LITERAL_NULL_CONVERSION = YES;
				CLANG_WARN_OBJC_IMPLICIT_RETAIN_SELF = YES;
				CLANG_WARN_OBJC_LITERAL_CONVERSION = YES;
				CLANG_WARN_OBJC_ROOT_CLASS = YES_ERROR;
				CLANG_WARN_QUOTED_INCLUDE_IN_FRAMEWORK_HEADER = YES;
				CLANG_WARN_RANGE_LOOP_ANALYSIS = YES;
				CLANG_WARN_STRICT_PROTOTYPES = YES;
				CLANG_WARN_SUSPICIOUS_MOVE = YES;
				CLANG_WARN_UNGUARDED_AVAILABILITY = YES_AGGRESSIVE;
				CLANG_WARN_UNREACHABLE_CODE = YES;
				CLANG_WARN__DUPLICATE_METHOD_MATCH = YES;
				COPY_PHASE_STRIP = NO;
				CURRENT_PROJECT_VERSION = 0.2;
				DEBUG_INFORMATION_FORMAT = "dwarf-with-dsym";
				ENABLE_NS_ASSERTIONS = NO;
				ENABLE_STRICT_OBJC_MSGSEND = YES;
				ENABLE_USER_SCRIPT_SANDBOXING = YES;
				GCC_C_LANGUAGE_STANDARD = gnu17;
				GCC_NO_COMMON_BLOCKS = YES;
				GCC_WARN_64_TO_32_BIT_CONVERSION = YES;
				GCC_WARN_ABOUT_RETURN_TYPE = YES_ERROR;
				GCC_WARN_UNDECLARED_SELECTOR = YES;
				GCC_WARN_UNINITIALIZED_AUTOS = YES_AGGRESSIVE;
				GCC_WARN_UNUSED_FUNCTION = YES;
				GCC_WARN_UNUSED_VARIABLE = YES;
				IPHONEOS_DEPLOYMENT_TARGET = 18.2;
				LOCALIZATION_PREFERS_STRING_CATALOGS = YES;
				MTL_ENABLE_DEBUG_INFO = NO;
				MTL_FAST_MATH = YES;
				SDKROOT = iphoneos;
				SWIFT_ENABLE_EXPLICIT_MODULES = NO;
				SWIFT_COMPILATION_MODE = wholemodule;
				SWIFT_USE_INTEGRATED_DRIVER = NO;
				VALIDATE_PRODUCT = YES;
			};
			name = Release;
		};
		2A5A74E22D7B92F900E91075 /* Debug */ = {
			isa = XCBuildConfiguration;
			buildSettings = {
				ASSETCATALOG_COMPILER_APPICON_NAME = AppIcon;
				ASSETCATALOG_COMPILER_GLOBAL_ACCENT_COLOR_NAME = AccentColor;
				CODE_SIGN_ENTITLEMENTS = Routina/Routina.entitlements;
				CODE_SIGN_STYLE = Automatic;
				CURRENT_PROJECT_VERSION = 0.2;
				DEVELOPMENT_ASSET_PATHS = "\"Routina/Preview Content\"";
				DEVELOPMENT_TEAM = WV7G3G5SGX;
				ENABLE_PREVIEWS = YES;
				GENERATE_INFOPLIST_FILE = YES;
				INFOPLIST_FILE = Routina/Info.plist;
				INFOPLIST_KEY_UIApplicationSceneManifest_Generation = YES;
				INFOPLIST_KEY_UIApplicationSupportsIndirectInputEvents = YES;
				INFOPLIST_KEY_UILaunchScreen_Generation = YES;
				INFOPLIST_KEY_UISupportedInterfaceOrientations_iPad = "UIInterfaceOrientationPortrait UIInterfaceOrientationPortraitUpsideDown UIInterfaceOrientationLandscapeLeft UIInterfaceOrientationLandscapeRight";
				INFOPLIST_KEY_UISupportedInterfaceOrientations_iPhone = "UIInterfaceOrientationPortrait UIInterfaceOrientationLandscapeLeft UIInterfaceOrientationLandscapeRight";
				IPHONEOS_DEPLOYMENT_TARGET = 18.0;
				LD_RUNPATH_SEARCH_PATHS = (
					"$(inherited)",
					"@executable_path/Frameworks",
				);
				MARKETING_VERSION = 0.2;
				PRODUCT_BUNDLE_IDENTIFIER = ir.hamedgh.Routinam;
				PRODUCT_NAME = "$(TARGET_NAME)";
				REGISTER_APP_GROUPS = NO;
				SUPPORTED_PLATFORMS = "iphoneos iphonesimulator";
				SUPPORTS_MACCATALYST = NO;
				SUPPORTS_MAC_DESIGNED_FOR_IPHONE_IPAD = NO;
				SUPPORTS_XR_DESIGNED_FOR_IPHONE_IPAD = NO;
				SWIFT_ENABLE_EXPLICIT_MODULES = NO;
				SWIFT_EMIT_LOC_STRINGS = YES;
				SWIFT_USE_INTEGRATED_DRIVER = NO;
				SWIFT_VERSION = 6.0;
				TARGETED_DEVICE_FAMILY = 1;
			};
			name = Debug;
		};
		2A5A74E32D7B92F900E91075 /* Release */ = {
			isa = XCBuildConfiguration;
			buildSettings = {
				ASSETCATALOG_COMPILER_APPICON_NAME = AppIcon;
				ASSETCATALOG_COMPILER_GLOBAL_ACCENT_COLOR_NAME = AccentColor;
				CODE_SIGN_ENTITLEMENTS = Routina/Routina.entitlements;
				CODE_SIGN_STYLE = Automatic;
				CURRENT_PROJECT_VERSION = 0.2;
				DEVELOPMENT_ASSET_PATHS = "\"Routina/Preview Content\"";
				DEVELOPMENT_TEAM = WV7G3G5SGX;
				ENABLE_PREVIEWS = YES;
				GENERATE_INFOPLIST_FILE = YES;
				INFOPLIST_FILE = Routina/Info.plist;
				INFOPLIST_KEY_UIApplicationSceneManifest_Generation = YES;
				INFOPLIST_KEY_UIApplicationSupportsIndirectInputEvents = YES;
				INFOPLIST_KEY_UILaunchScreen_Generation = YES;
				INFOPLIST_KEY_UISupportedInterfaceOrientations_iPad = "UIInterfaceOrientationPortrait UIInterfaceOrientationPortraitUpsideDown UIInterfaceOrientationLandscapeLeft UIInterfaceOrientationLandscapeRight";
				INFOPLIST_KEY_UISupportedInterfaceOrientations_iPhone = "UIInterfaceOrientationPortrait UIInterfaceOrientationLandscapeLeft UIInterfaceOrientationLandscapeRight";
				IPHONEOS_DEPLOYMENT_TARGET = 18.0;
				LD_RUNPATH_SEARCH_PATHS = (
					"$(inherited)",
					"@executable_path/Frameworks",
				);
				MARKETING_VERSION = 0.2;
				PRODUCT_BUNDLE_IDENTIFIER = ir.hamedgh.Routinam;
				PRODUCT_NAME = "$(TARGET_NAME)";
				REGISTER_APP_GROUPS = NO;
				SUPPORTED_PLATFORMS = "iphoneos iphonesimulator";
				SUPPORTS_MACCATALYST = NO;
				SUPPORTS_MAC_DESIGNED_FOR_IPHONE_IPAD = NO;
				SUPPORTS_XR_DESIGNED_FOR_IPHONE_IPAD = NO;
				SWIFT_ENABLE_EXPLICIT_MODULES = NO;
				SWIFT_EMIT_LOC_STRINGS = YES;
				SWIFT_USE_INTEGRATED_DRIVER = NO;
				SWIFT_VERSION = 6.0;
				TARGETED_DEVICE_FAMILY = 1;
			};
			name = Release;
		};
		2A5A74E52D7B92F900E91075 /* Debug */ = {
			isa = XCBuildConfiguration;
			buildSettings = {
				BUNDLE_LOADER = "$(TEST_HOST)";
				CODE_SIGN_STYLE = Automatic;
				CURRENT_PROJECT_VERSION = 0.2;
				DEVELOPMENT_TEAM = WV7G3G5SGX;
				GENERATE_INFOPLIST_FILE = YES;
				IPHONEOS_DEPLOYMENT_TARGET = 18.2;
				MARKETING_VERSION = 1.0;
				PRODUCT_BUNDLE_IDENTIFIER = hamedgh.ir.CallMomTests;
				PRODUCT_NAME = "$(TARGET_NAME)";
				SUPPORTED_PLATFORMS = "iphoneos iphonesimulator";
				SUPPORTS_MACCATALYST = NO;
				SUPPORTS_MAC_DESIGNED_FOR_IPHONE_IPAD = NO;
				SUPPORTS_XR_DESIGNED_FOR_IPHONE_IPAD = NO;
				SWIFT_ENABLE_EXPLICIT_MODULES = NO;
				SWIFT_EMIT_LOC_STRINGS = NO;
				SWIFT_USE_INTEGRATED_DRIVER = NO;
				SWIFT_VERSION = 6.0;
				TARGETED_DEVICE_FAMILY = 1;
				TEST_HOST = "$(BUILT_PRODUCTS_DIR)/Routina.app/$(BUNDLE_EXECUTABLE_FOLDER_PATH)/Routina";
			};
			name = Debug;
		};
		2A5A74E62D7B92F900E91075 /* Release */ = {
			isa = XCBuildConfiguration;
			buildSettings = {
				BUNDLE_LOADER = "$(TEST_HOST)";
				CODE_SIGN_STYLE = Automatic;
				CURRENT_PROJECT_VERSION = 0.2;
				DEVELOPMENT_TEAM = WV7G3G5SGX;
				GENERATE_INFOPLIST_FILE = YES;
				IPHONEOS_DEPLOYMENT_TARGET = 18.2;
				MARKETING_VERSION = 1.0;
				PRODUCT_BUNDLE_IDENTIFIER = hamedgh.ir.CallMomTests;
				PRODUCT_NAME = "$(TARGET_NAME)";
				SUPPORTED_PLATFORMS = "iphoneos iphonesimulator";
				SUPPORTS_MACCATALYST = NO;
				SUPPORTS_MAC_DESIGNED_FOR_IPHONE_IPAD = NO;
				SUPPORTS_XR_DESIGNED_FOR_IPHONE_IPAD = NO;
				SWIFT_ENABLE_EXPLICIT_MODULES = NO;
				SWIFT_EMIT_LOC_STRINGS = NO;
				SWIFT_USE_INTEGRATED_DRIVER = NO;
				SWIFT_VERSION = 6.0;
				TARGETED_DEVICE_FAMILY = 1;
				TEST_HOST = "$(BUILT_PRODUCTS_DIR)/Routina.app/$(BUNDLE_EXECUTABLE_FOLDER_PATH)/Routina";
			};
			name = Release;
		};
		2A5A74E82D7B92F900E91075 /* Debug */ = {
			isa = XCBuildConfiguration;
			buildSettings = {
				CODE_SIGN_STYLE = Automatic;
				CURRENT_PROJECT_VERSION = 0.2;
				DEVELOPMENT_TEAM = WV7G3G5SGX;
				GENERATE_INFOPLIST_FILE = YES;
				MARKETING_VERSION = 1.0;
				PRODUCT_BUNDLE_IDENTIFIER = hamedgh.ir.CallMomUITests;
				PRODUCT_NAME = "$(TARGET_NAME)";
				SUPPORTED_PLATFORMS = "iphoneos iphonesimulator";
				SUPPORTS_MACCATALYST = NO;
				SUPPORTS_MAC_DESIGNED_FOR_IPHONE_IPAD = NO;
				SUPPORTS_XR_DESIGNED_FOR_IPHONE_IPAD = NO;
				SWIFT_ENABLE_EXPLICIT_MODULES = NO;
				SWIFT_EMIT_LOC_STRINGS = NO;
				SWIFT_USE_INTEGRATED_DRIVER = NO;
				SWIFT_VERSION = 6.0;
				TARGETED_DEVICE_FAMILY = 1;
				TEST_TARGET_NAME = Routina;
			};
			name = Debug;
		};
		2A5A74E92D7B92F900E91075 /* Release */ = {
			isa = XCBuildConfiguration;
			buildSettings = {
				CODE_SIGN_STYLE = Automatic;
				CURRENT_PROJECT_VERSION = 0.2;
				DEVELOPMENT_TEAM = WV7G3G5SGX;
				GENERATE_INFOPLIST_FILE = YES;
				MARKETING_VERSION = 1.0;
				PRODUCT_BUNDLE_IDENTIFIER = hamedgh.ir.CallMomUITests;
				PRODUCT_NAME = "$(TARGET_NAME)";
				SUPPORTED_PLATFORMS = "iphoneos iphonesimulator";
				SUPPORTS_MACCATALYST = NO;
				SUPPORTS_MAC_DESIGNED_FOR_IPHONE_IPAD = NO;
				SUPPORTS_XR_DESIGNED_FOR_IPHONE_IPAD = NO;
				SWIFT_ENABLE_EXPLICIT_MODULES = NO;
				SWIFT_EMIT_LOC_STRINGS = NO;
				SWIFT_USE_INTEGRATED_DRIVER = NO;
				SWIFT_VERSION = 6.0;
				TARGETED_DEVICE_FAMILY = 1;
				TEST_TARGET_NAME = Routina;
			};
			name = Release;
		};
/* End XCBuildConfiguration section */

/* Begin XCConfigurationList section */
		2A5A74B82D7B92F600E91075 /* Build configuration list for PBXProject "Routina" */ = {
			isa = XCConfigurationList;
			buildConfigurations = (
				2A5A74DF2D7B92F900E91075 /* Debug */,
				2A5A74E02D7B92F900E91075 /* Release */,
			);
			defaultConfigurationIsVisible = 0;
			defaultConfigurationName = Release;
		};
		2A5A74E12D7B92F900E91075 /* Build configuration list for PBXNativeTarget "Routina" */ = {
			isa = XCConfigurationList;
			buildConfigurations = (
				2A5A74E22D7B92F900E91075 /* Debug */,
				2A5A74E32D7B92F900E91075 /* Release */,
			);
			defaultConfigurationIsVisible = 0;
			defaultConfigurationName = Release;
		};
		2A5A74E42D7B92F900E91075 /* Build configuration list for PBXNativeTarget "RoutinaTests" */ = {
			isa = XCConfigurationList;
			buildConfigurations = (
				2A5A74E52D7B92F900E91075 /* Debug */,
				2A5A74E62D7B92F900E91075 /* Release */,
			);
			defaultConfigurationIsVisible = 0;
			defaultConfigurationName = Release;
		};
		2A5A74E72D7B92F900E91075 /* Build configuration list for PBXNativeTarget "RoutinaUITests" */ = {
			isa = XCConfigurationList;
			buildConfigurations = (
				2A5A74E82D7B92F900E91075 /* Debug */,
				2A5A74E92D7B92F900E91075 /* Release */,
			);
			defaultConfigurationIsVisible = 0;
			defaultConfigurationName = Release;
		};
/* End XCConfigurationList section */

/* Begin XCRemoteSwiftPackageReference section */
			2A4B56AC2D8DB48D00760BCA /* XCRemoteSwiftPackageReference "swift-composable-architecture" */ = {
				isa = XCRemoteSwiftPackageReference;
				repositoryURL = "https://github.com/pointfreeco/swift-composable-architecture";
				requirement = {
					kind = upToNextMajorVersion;
					minimumVersion = 1.24.1;
				};
			};
			2B1002012E5F000100000001 /* XCRemoteSwiftPackageReference "swift-dependencies" */ = {
				isa = XCRemoteSwiftPackageReference;
				repositoryURL = "https://github.com/pointfreeco/swift-dependencies";
				requirement = {
					kind = upToNextMajorVersion;
					minimumVersion = 1.4.0;
				};
			};
			2B1002022E5F000100000001 /* XCRemoteSwiftPackageReference "swift-case-paths" */ = {
				isa = XCRemoteSwiftPackageReference;
				repositoryURL = "https://github.com/pointfreeco/swift-case-paths";
				requirement = {
					kind = upToNextMajorVersion;
					minimumVersion = 1.5.4;
				};
			};
			2B1002032E5F000100000001 /* XCRemoteSwiftPackageReference "swift-perception" */ = {
				isa = XCRemoteSwiftPackageReference;
				repositoryURL = "https://github.com/pointfreeco/swift-perception";
				requirement = {
					kind = upToNextMajorVersion;
					minimumVersion = 1.3.4;
				};
			};
			2B1002042E5F000100000001 /* XCRemoteSwiftPackageReference "swift-concurrency-extras" */ = {
				isa = XCRemoteSwiftPackageReference;
				repositoryURL = "https://github.com/pointfreeco/swift-concurrency-extras";
				requirement = {
					kind = upToNextMajorVersion;
					minimumVersion = 1.2.0;
				};
			};
/* End XCRemoteSwiftPackageReference section */

/* Begin XCSwiftPackageProductDependency section */
			2A4B56AD2D8DB48D00760BCA /* ComposableArchitecture */ = {
				isa = XCSwiftPackageProductDependency;
			package = 2A4B56AC2D8DB48D00760BCA /* XCRemoteSwiftPackageReference "swift-composable-architecture" */;
			productName = ComposableArchitecture;
		};
			2A4B56AF2D8DB4AB00760BCA /* ComposableArchitecture */ = {
				isa = XCSwiftPackageProductDependency;
				package = 2A4B56AC2D8DB48D00760BCA /* XCRemoteSwiftPackageReference "swift-composable-architecture" */;
				productName = ComposableArchitecture;
			};
			2B1001012E5F000100000001 /* Dependencies */ = {
				isa = XCSwiftPackageProductDependency;
				package = 2B1002012E5F000100000001 /* XCRemoteSwiftPackageReference "swift-dependencies" */;
				productName = Dependencies;
			};
			2B1001022E5F000100000001 /* CasePaths */ = {
				isa = XCSwiftPackageProductDependency;
				package = 2B1002022E5F000100000001 /* XCRemoteSwiftPackageReference "swift-case-paths" */;
				productName = CasePaths;
			};
			2B1001032E5F000100000001 /* Perception */ = {
				isa = XCSwiftPackageProductDependency;
				package = 2B1002032E5F000100000001 /* XCRemoteSwiftPackageReference "swift-perception" */;
				productName = Perception;
			};
			2B1001042E5F000100000001 /* Dependencies */ = {
				isa = XCSwiftPackageProductDependency;
				package = 2B1002012E5F000100000001 /* XCRemoteSwiftPackageReference "swift-dependencies" */;
				productName = Dependencies;
			};
			2B1001052E5F000100000001 /* CasePaths */ = {
				isa = XCSwiftPackageProductDependency;
				package = 2B1002022E5F000100000001 /* XCRemoteSwiftPackageReference "swift-case-paths" */;
				productName = CasePaths;
			};
			2B1001062E5F000100000001 /* Perception */ = {
				isa = XCSwiftPackageProductDependency;
				package = 2B1002032E5F000100000001 /* XCRemoteSwiftPackageReference "swift-perception" */;
				productName = Perception;
			};
			2B1001072E5F000100000001 /* ConcurrencyExtras */ = {
				isa = XCSwiftPackageProductDependency;
				package = 2B1002042E5F000100000001 /* XCRemoteSwiftPackageReference "swift-concurrency-extras" */;
				productName = ConcurrencyExtras;
			};
			2B1001082E5F000100000001 /* ConcurrencyExtras */ = {
				isa = XCSwiftPackageProductDependency;
				package = 2B1002042E5F000100000001 /* XCRemoteSwiftPackageReference "swift-concurrency-extras" */;
				productName = ConcurrencyExtras;
			};
			2B1001092E5F000100000001 /* PerceptionCore */ = {
				isa = XCSwiftPackageProductDependency;
				package = 2B1002032E5F000100000001 /* XCRemoteSwiftPackageReference "swift-perception" */;
				productName = PerceptionCore;
			};
			2B1001102E5F000100000001 /* PerceptionCore */ = {
				isa = XCSwiftPackageProductDependency;
				package = 2B1002032E5F000100000001 /* XCRemoteSwiftPackageReference "swift-perception" */;
				productName = PerceptionCore;
			};
/* End XCSwiftPackageProductDependency section */
	};
	rootObject = 2A5A74B52D7B92F600E91075 /* Project object */;
}
