// !$*UTF8*$!
{
	archiveVersion = 1;
	classes = {
	};
	objectVersion = 77;
	objects = {

/* Begin PBXBuildFile section */
		2A5DD63E2F965A91009F0331 /* WidgetKit.framework in Frameworks */ = {isa = PBXBuildFile; fileRef = 2A5DD63D2F965A91009F0331 /* WidgetKit.framework */; };
		2A5DD6402F965A91009F0331 /* SwiftUI.framework in Frameworks */ = {isa = PBXBuildFile; fileRef = 2A5DD63F2F965A91009F0331 /* SwiftUI.framework */; };
		2A5DD64B2F965A93009F0331 /* RoutinaWidgetExtension.appex in Embed Foundation Extensions */ = {isa = PBXBuildFile; fileRef = 2A5DD63C2F965A91009F0331 /* RoutinaWidgetExtension.appex */; settings = {ATTRIBUTES = (RemoveHeadersOnCopy, ); }; };
		2C0000102E60000100000001 /* ComposableArchitecture in Frameworks */ = {isa = PBXBuildFile; productRef = 2A4B56AD2D8DB48D00760BCA /* ComposableArchitecture */; };
		2C0000112E60000100000001 /* Dependencies in Frameworks */ = {isa = PBXBuildFile; productRef = 2B1001012E5F000100000001 /* Dependencies */; };
		2C0000122E60000100000001 /* CasePaths in Frameworks */ = {isa = PBXBuildFile; productRef = 2B1001022E5F000100000001 /* CasePaths */; };
		2C0000132E60000100000001 /* Perception in Frameworks */ = {isa = PBXBuildFile; productRef = 2B1001032E5F000100000001 /* Perception */; };
		2C0000142E60000100000001 /* ConcurrencyExtras in Frameworks */ = {isa = PBXBuildFile; productRef = 2B1001072E5F000100000001 /* ConcurrencyExtras */; };
		2C0000152E60000100000001 /* PerceptionCore in Frameworks */ = {isa = PBXBuildFile; productRef = 2B1001092E5F000100000001 /* PerceptionCore */; };
		4E0000102E80000100000001 /* ComposableArchitecture in Frameworks */ = {isa = PBXBuildFile; productRef = 2A4B56AD2D8DB48D00760BCA /* ComposableArchitecture */; };
		4E0000112E80000100000001 /* Dependencies in Frameworks */ = {isa = PBXBuildFile; productRef = 2B1001012E5F000100000001 /* Dependencies */; };
		4E0000122E80000100000001 /* CasePaths in Frameworks */ = {isa = PBXBuildFile; productRef = 2B1001022E5F000100000001 /* CasePaths */; };
		4E0000132E80000100000001 /* Perception in Frameworks */ = {isa = PBXBuildFile; productRef = 2B1001032E5F000100000001 /* Perception */; };
		4E0000142E80000100000001 /* ConcurrencyExtras in Frameworks */ = {isa = PBXBuildFile; productRef = 2B1001072E5F000100000001 /* ConcurrencyExtras */; };
		4E0000152E80000100000001 /* PerceptionCore in Frameworks */ = {isa = PBXBuildFile; productRef = 2B1001092E5F000100000001 /* PerceptionCore */; };
		6B1000012F10000100000001 /* ComposableArchitecture in Frameworks */ = {isa = PBXBuildFile; productRef = 2A4B56AF2D8DB4AB00760BCA /* ComposableArchitecture */; };
		6B1000022F10000100000001 /* Dependencies in Frameworks */ = {isa = PBXBuildFile; productRef = 2B1001042E5F000100000001 /* Dependencies */; };
		6B1000032F10000100000001 /* CasePaths in Frameworks */ = {isa = PBXBuildFile; productRef = 2B1001052E5F000100000001 /* CasePaths */; };
		6B1000042F10000100000001 /* Perception in Frameworks */ = {isa = PBXBuildFile; productRef = 2B1001062E5F000100000001 /* Perception */; };
		6B1000052F10000100000001 /* ConcurrencyExtras in Frameworks */ = {isa = PBXBuildFile; productRef = 2B1001082E5F000100000001 /* ConcurrencyExtras */; };
		6B1000062F10000100000001 /* PerceptionCore in Frameworks */ = {isa = PBXBuildFile; productRef = 2B1001102E5F000100000001 /* PerceptionCore */; };
/* End PBXBuildFile section */

/* Begin PBXContainerItemProxy section */
		2A5DD6492F965A93009F0331 /* PBXContainerItemProxy */ = {
			isa = PBXContainerItemProxy;
			containerPortal = 2A5A74B52D7B92F600E91075 /* Project object */;
			proxyType = 1;
			remoteGlobalIDString = 2A5DD63B2F965A91009F0331;
			remoteInfo = RoutinaWidgetExtension;
		};
		6B1000102F10000100000001 /* PBXContainerItemProxy */ = {
			isa = PBXContainerItemProxy;
			containerPortal = 2A5A74B52D7B92F600E91075 /* Project object */;
			proxyType = 1;
			remoteGlobalIDString = 4E0000012E80000100000001;
			remoteInfo = RoutinaMacOSDev;
		};
/* End PBXContainerItemProxy section */

/* Begin PBXCopyFilesBuildPhase section */
		2A5DD6502F965A93009F0331 /* Embed Foundation Extensions */ = {
			isa = PBXCopyFilesBuildPhase;
			buildActionMask = 2147483647;
			dstPath = "";
			dstSubfolderSpec = 13;
			files = (
				2A5DD64B2F965A93009F0331 /* RoutinaWidgetExtension.appex in Embed Foundation Extensions */,
			);
			name = "Embed Foundation Extensions";
			runOnlyForDeploymentPostprocessing = 0;
		};
/* End PBXCopyFilesBuildPhase section */

/* Begin PBXFileReference section */
		2A5A74BD2D7B92F600E91075 /* Routina.app */ = {isa = PBXFileReference; explicitFileType = wrapper.application; includeInIndex = 0; path = Routina.app; sourceTree = BUILT_PRODUCTS_DIR; };
		2A5A74CD2D7B92F900E91075 /* RoutinaiOSTests.xctest */ = {isa = PBXFileReference; explicitFileType = wrapper.cfbundle; includeInIndex = 0; path = RoutinaiOSTests.xctest; sourceTree = BUILT_PRODUCTS_DIR; };
		2A5A74D72D7B92F900E91075 /* RoutinaiOSUITests.xctest */ = {isa = PBXFileReference; explicitFileType = wrapper.cfbundle; includeInIndex = 0; path = RoutinaiOSUITests.xctest; sourceTree = BUILT_PRODUCTS_DIR; };
		2A5DD63C2F965A91009F0331 /* RoutinaWidgetExtension.appex */ = {isa = PBXFileReference; explicitFileType = "wrapper.app-extension"; includeInIndex = 0; path = RoutinaWidgetExtension.appex; sourceTree = BUILT_PRODUCTS_DIR; };
		2A5DD63D2F965A91009F0331 /* WidgetKit.framework */ = {isa = PBXFileReference; lastKnownFileType = wrapper.framework; name = WidgetKit.framework; path = System/Library/Frameworks/WidgetKit.framework; sourceTree = SDKROOT; };
		2A5DD63F2F965A91009F0331 /* SwiftUI.framework */ = {isa = PBXFileReference; lastKnownFileType = wrapper.framework; name = SwiftUI.framework; path = System/Library/Frameworks/SwiftUI.framework; sourceTree = SDKROOT; };
		2A5DD6582F9661DB009F0331 /* RoutinaWidgetExtension.entitlements */ = {isa = PBXFileReference; lastKnownFileType = text.plist.entitlements; path = RoutinaWidgetExtension.entitlements; sourceTree = "<group>"; };
		2C0000022E60000100000001 /* Routinam.app */ = {isa = PBXFileReference; explicitFileType = wrapper.application; includeInIndex = 0; path = Routinam.app; sourceTree = BUILT_PRODUCTS_DIR; };
		3D1000102E70000100000001 /* RoutinaiOSDev.app */ = {isa = PBXFileReference; explicitFileType = wrapper.application; includeInIndex = 0; path = RoutinaiOSDev.app; sourceTree = BUILT_PRODUCTS_DIR; };
		4E0000022E80000100000001 /* RoutinaMacOSDev.app */ = {isa = PBXFileReference; explicitFileType = wrapper.application; includeInIndex = 0; path = RoutinaMacOSDev.app; sourceTree = BUILT_PRODUCTS_DIR; };
		5F1000072E90000100000001 /* RoutinaWatchApp.app */ = {isa = PBXFileReference; explicitFileType = wrapper.application; includeInIndex = 0; path = RoutinaWatchApp.app; sourceTree = BUILT_PRODUCTS_DIR; };
		5F1000082E90000100000001 /* RoutinaWatchExtension.appex */ = {isa = PBXFileReference; explicitFileType = "wrapper.app-extension"; includeInIndex = 0; path = RoutinaWatchExtension.appex; sourceTree = BUILT_PRODUCTS_DIR; };
		6B1000112F10000100000001 /* RoutinaMacOSTests.xctest */ = {isa = PBXFileReference; explicitFileType = wrapper.cfbundle; includeInIndex = 0; path = RoutinaMacOSTests.xctest; sourceTree = BUILT_PRODUCTS_DIR; };
/* End PBXFileReference section */

/* Begin PBXFileSystemSynchronizedBuildFileExceptionSet section */
		2A5DD64C2F965A93009F0331 /* Exceptions for "RoutinaWidget" folder in "RoutinaWidgetExtension" target */ = {
			isa = PBXFileSystemSynchronizedBuildFileExceptionSet;
			membershipExceptions = (
				Info.plist,
			);
			target = 2A5DD63B2F965A91009F0331 /* RoutinaWidgetExtension */;
		};
/* End PBXFileSystemSynchronizedBuildFileExceptionSet section */

/* Begin PBXFileSystemSynchronizedRootGroup section */
		2A5A74BF2D7B92F600E91075 /* macOSConfig */ = {
			isa = PBXFileSystemSynchronizedRootGroup;
			name = macOSConfig;
			path = Config/macOS;
			sourceTree = "<group>";
		};
		2A5A74D02D7B92F900E91075 /* Shared Tests */ = {
			isa = PBXFileSystemSynchronizedRootGroup;
			name = "Shared Tests";
			path = Tests/Shared;
			sourceTree = "<group>";
		};
		2A5DD6412F965A91009F0331 /* RoutinaWidget */ = {
			isa = PBXFileSystemSynchronizedRootGroup;
			exceptions = (
				2A5DD64C2F965A93009F0331 /* Exceptions for "RoutinaWidget" folder in "RoutinaWidgetExtension" target */,
			);
			path = RoutinaWidget;
			sourceTree = "<group>";
		};
		6A0000012F00000100000001 /* MacApp */ = {
			isa = PBXFileSystemSynchronizedRootGroup;
			name = MacApp;
			path = RoutinaMacApp;
			sourceTree = "<group>";
		};
		6A0000022F00000100000001 /* SharedCore */ = {
			isa = PBXFileSystemSynchronizedRootGroup;
			path = SharedCore;
			sourceTree = "<group>";
		};
		6A0000032F00000100000001 /* AppResources */ = {
			isa = PBXFileSystemSynchronizedRootGroup;
			path = AppResources;
			sourceTree = "<group>";
		};
		6C0000012F30000100000001 /* macOS Tests */ = {
			isa = PBXFileSystemSynchronizedRootGroup;
			name = "macOS Tests";
			path = Tests/macOS;
			sourceTree = "<group>";
		};
/* End PBXFileSystemSynchronizedRootGroup section */

/* Begin PBXFrameworksBuildPhase section */
		2A5DD6392F965A91009F0331 /* Frameworks */ = {
			isa = PBXFrameworksBuildPhase;
			buildActionMask = 2147483647;
			files = (
				2A5DD6402F965A91009F0331 /* SwiftUI.framework in Frameworks */,
				2A5DD63E2F965A91009F0331 /* WidgetKit.framework in Frameworks */,
			);
			runOnlyForDeploymentPostprocessing = 0;
		};
		2C0000032E60000100000001 /* Frameworks */ = {
			isa = PBXFrameworksBuildPhase;
			buildActionMask = 2147483647;
			files = (
				2C0000102E60000100000001 /* ComposableArchitecture in Frameworks */,
				2C0000112E60000100000001 /* Dependencies in Frameworks */,
				2C0000122E60000100000001 /* CasePaths in Frameworks */,
				2C0000132E60000100000001 /* Perception in Frameworks */,
				2C0000142E60000100000001 /* ConcurrencyExtras in Frameworks */,
				2C0000152E60000100000001 /* PerceptionCore in Frameworks */,
			);
			runOnlyForDeploymentPostprocessing = 0;
		};
		4E0000032E80000100000001 /* Frameworks */ = {
			isa = PBXFrameworksBuildPhase;
			buildActionMask = 2147483647;
			files = (
				4E0000102E80000100000001 /* ComposableArchitecture in Frameworks */,
				4E0000112E80000100000001 /* Dependencies in Frameworks */,
				4E0000122E80000100000001 /* CasePaths in Frameworks */,
				4E0000132E80000100000001 /* Perception in Frameworks */,
				4E0000142E80000100000001 /* ConcurrencyExtras in Frameworks */,
				4E0000152E80000100000001 /* PerceptionCore in Frameworks */,
			);
			runOnlyForDeploymentPostprocessing = 0;
		};
		6B1000122F10000100000001 /* Frameworks */ = {
			isa = PBXFrameworksBuildPhase;
			buildActionMask = 2147483647;
			files = (
				6B1000012F10000100000001 /* ComposableArchitecture in Frameworks */,
				6B1000022F10000100000001 /* Dependencies in Frameworks */,
				6B1000032F10000100000001 /* CasePaths in Frameworks */,
				6B1000042F10000100000001 /* Perception in Frameworks */,
				6B1000052F10000100000001 /* ConcurrencyExtras in Frameworks */,
				6B1000062F10000100000001 /* PerceptionCore in Frameworks */,
			);
			runOnlyForDeploymentPostprocessing = 0;
		};
/* End PBXFrameworksBuildPhase section */

/* Begin PBXGroup section */
		2A4B56A92D8DB46700760BCA /* Frameworks */ = {
			isa = PBXGroup;
			children = (
				2A5DD63D2F965A91009F0331 /* WidgetKit.framework */,
				2A5DD63F2F965A91009F0331 /* SwiftUI.framework */,
			);
			name = Frameworks;
			sourceTree = "<group>";
		};
		2A5A74B42D7B92F600E91075 = {
			isa = PBXGroup;
			children = (
				2A5DD6582F9661DB009F0331 /* RoutinaWidgetExtension.entitlements */,
				6A0000012F00000100000001 /* MacApp */,
				6A0000022F00000100000001 /* SharedCore */,
				6A0000032F00000100000001 /* AppResources */,
				2A5A74BF2D7B92F600E91075 /* macOSConfig */,
				2A5A74D02D7B92F900E91075 /* Shared Tests */,
				6C0000012F30000100000001 /* macOS Tests */,
				2A5DD6412F965A91009F0331 /* RoutinaWidget */,
				2A4B56A92D8DB46700760BCA /* Frameworks */,
				2A5A74BE2D7B92F600E91075 /* Products */,
			);
			sourceTree = "<group>";
		};
		2A5A74BE2D7B92F600E91075 /* Products */ = {
			isa = PBXGroup;
			children = (
				2A5A74BD2D7B92F600E91075 /* Routina.app */,
				3D1000102E70000100000001 /* RoutinaiOSDev.app */,
				2C0000022E60000100000001 /* Routinam.app */,
				4E0000022E80000100000001 /* RoutinaMacOSDev.app */,
				5F1000072E90000100000001 /* RoutinaWatchApp.app */,
				5F1000082E90000100000001 /* RoutinaWatchExtension.appex */,
				2A5A74CD2D7B92F900E91075 /* RoutinaiOSTests.xctest */,
				2A5A74D72D7B92F900E91075 /* RoutinaiOSUITests.xctest */,
				6B1000112F10000100000001 /* RoutinaMacOSTests.xctest */,
				2A5DD63C2F965A91009F0331 /* RoutinaWidgetExtension.appex */,
			);
			name = Products;
			sourceTree = "<group>";
		};
/* End PBXGroup section */

/* Begin PBXNativeTarget section */
		2A5DD63B2F965A91009F0331 /* RoutinaWidgetExtension */ = {
			isa = PBXNativeTarget;
			buildConfigurationList = 2A5DD64D2F965A93009F0331 /* Build configuration list for PBXNativeTarget "RoutinaWidgetExtension" */;
			buildPhases = (
				2A5DD6382F965A91009F0331 /* Sources */,
				2A5DD6392F965A91009F0331 /* Frameworks */,
				2A5DD63A2F965A91009F0331 /* Resources */,
			);
			buildRules = (
			);
			dependencies = (
			);
			fileSystemSynchronizedGroups = (
				2A5DD6412F965A91009F0331 /* RoutinaWidget */,
			);
			name = RoutinaWidgetExtension;
			packageProductDependencies = (
			);
			productName = RoutinaWidgetExtension;
			productReference = 2A5DD63C2F965A91009F0331 /* RoutinaWidgetExtension.appex */;
			productType = "com.apple.product-type.app-extension";
		};
		2C0000012E60000100000001 /* RoutinaMacOSProd */ = {
			isa = PBXNativeTarget;
			buildConfigurationList = 2C0000062E60000100000001 /* Build configuration list for PBXNativeTarget "RoutinaMacOSProd" */;
			buildPhases = (
				2C0000052E60000100000001 /* Sources */,
				2C0000032E60000100000001 /* Frameworks */,
				2C0000042E60000100000001 /* Resources */,
				2A5DD6502F965A93009F0331 /* Embed Foundation Extensions */,
				AA000001PLUGINKIT00000001 /* Register Widget Extension */,
			);
			buildRules = (
			);
			dependencies = (
				2A5DD64A2F965A93009F0331 /* PBXTargetDependency */,
			);
			fileSystemSynchronizedGroups = (
				2A5A74BF2D7B92F600E91075 /* macOSConfig */,
				6A0000012F00000100000001 /* MacApp */,
				6A0000022F00000100000001 /* SharedCore */,
				6A0000032F00000100000001 /* AppResources */,
			);
			name = RoutinaMacOSProd;
			packageProductDependencies = (
				2A4B56AD2D8DB48D00760BCA /* ComposableArchitecture */,
				2B1001012E5F000100000001 /* Dependencies */,
				2B1001022E5F000100000001 /* CasePaths */,
				2B1001032E5F000100000001 /* Perception */,
				2B1001072E5F000100000001 /* ConcurrencyExtras */,
				2B1001092E5F000100000001 /* PerceptionCore */,
			);
			productName = Routina;
			productReference = 2C0000022E60000100000001 /* Routinam.app */;
			productType = "com.apple.product-type.application";
		};
		4E0000012E80000100000001 /* RoutinaMacOSDev */ = {
			isa = PBXNativeTarget;
			buildConfigurationList = 4E0000062E80000100000001 /* Build configuration list for PBXNativeTarget "RoutinaMacOSDev" */;
			buildPhases = (
				4E0000052E80000100000001 /* Sources */,
				4E0000032E80000100000001 /* Frameworks */,
				4E0000042E80000100000001 /* Resources */,
			);
			buildRules = (
			);
			dependencies = (
			);
			fileSystemSynchronizedGroups = (
				2A5A74BF2D7B92F600E91075 /* macOSConfig */,
				6A0000012F00000100000001 /* MacApp */,
				6A0000022F00000100000001 /* SharedCore */,
				6A0000032F00000100000001 /* AppResources */,
			);
			name = RoutinaMacOSDev;
			packageProductDependencies = (
				2A4B56AD2D8DB48D00760BCA /* ComposableArchitecture */,
				2B1001012E5F000100000001 /* Dependencies */,
				2B1001022E5F000100000001 /* CasePaths */,
				2B1001032E5F000100000001 /* Perception */,
				2B1001072E5F000100000001 /* ConcurrencyExtras */,
				2B1001092E5F000100000001 /* PerceptionCore */,
			);
			productName = RoutinaMacOSDev;
			productReference = 4E0000022E80000100000001 /* RoutinaMacOSDev.app */;
			productType = "com.apple.product-type.application";
		};
		6B1000132F10000100000001 /* RoutinaMacOSTests */ = {
			isa = PBXNativeTarget;
			buildConfigurationList = 6B1000192F10000100000001 /* Build configuration list for PBXNativeTarget "RoutinaMacOSTests" */;
			buildPhases = (
				6B1000152F10000100000001 /* Sources */,
				6B1000122F10000100000001 /* Frameworks */,
				6B1000142F10000100000001 /* Resources */,
			);
			buildRules = (
			);
			dependencies = (
				6B1000162F10000100000001 /* PBXTargetDependency */,
			);
			fileSystemSynchronizedGroups = (
				6C0000012F30000100000001 /* macOS Tests */,
			);
			name = RoutinaMacOSTests;
			packageProductDependencies = (
				2A4B56AF2D8DB4AB00760BCA /* ComposableArchitecture */,
				2B1001042E5F000100000001 /* Dependencies */,
				2B1001052E5F000100000001 /* CasePaths */,
				2B1001062E5F000100000001 /* Perception */,
				2B1001082E5F000100000001 /* ConcurrencyExtras */,
				2B1001102E5F000100000001 /* PerceptionCore */,
			);
			productName = RoutinaMacOSTests;
			productReference = 6B1000112F10000100000001 /* RoutinaMacOSTests.xctest */;
			productType = "com.apple.product-type.bundle.unit-test";
		};
/* End PBXNativeTarget section */

/* Begin PBXProject section */
		2A5A74B52D7B92F600E91075 /* Project object */ = {
			isa = PBXProject;
			attributes = {
				BuildIndependentTargetsInParallel = 1;
				LastSwiftUpdateCheck = 2640;
				LastUpgradeCheck = 1620;
				TargetAttributes = {
					2A5DD63B2F965A91009F0331 = {
						CreatedOnToolsVersion = 26.4;
					};
					2C0000012E60000100000001 = {
						CreatedOnToolsVersion = 16.2;
					};
					4E0000012E80000100000001 = {
						CreatedOnToolsVersion = 16.2;
					};
					6B1000132F10000100000001 = {
						CreatedOnToolsVersion = 16.2;
						TestTargetID = 4E0000012E80000100000001;
					};
				};
			};
			buildConfigurationList = 2A5A74B82D7B92F600E91075 /* Build configuration list for PBXProject "RoutinaMacOS" */;
			developmentRegion = en;
			hasScannedForEncodings = 0;
			knownRegions = (
				en,
				Base,
			);
			mainGroup = 2A5A74B42D7B92F600E91075;
			minimizedProjectReferenceProxies = 1;
			packageReferences = (
				7A2200012F20000100000001 /* XCLocalSwiftPackageReference "." */,
				2A4B56AC2D8DB48D00760BCA /* XCRemoteSwiftPackageReference "swift-composable-architecture" */,
				2B1002012E5F000100000001 /* XCRemoteSwiftPackageReference "swift-dependencies" */,
				2B1002022E5F000100000001 /* XCRemoteSwiftPackageReference "swift-case-paths" */,
				2B1002032E5F000100000001 /* XCRemoteSwiftPackageReference "swift-perception" */,
				2B1002042E5F000100000001 /* XCRemoteSwiftPackageReference "swift-concurrency-extras" */,
			);
			preferredProjectObjectVersion = 77;
			productRefGroup = 2A5A74BE2D7B92F600E91075 /* Products */;
			projectDirPath = "";
			projectRoot = "";
			targets = (
				2C0000012E60000100000001 /* RoutinaMacOSProd */,
				4E0000012E80000100000001 /* RoutinaMacOSDev */,
				6B1000132F10000100000001 /* RoutinaMacOSTests */,
				2A5DD63B2F965A91009F0331 /* RoutinaWidgetExtension */,
			);
		};
/* End PBXProject section */

/* Begin PBXResourcesBuildPhase section */
		2A5DD63A2F965A91009F0331 /* Resources */ = {
			isa = PBXResourcesBuildPhase;
			buildActionMask = 2147483647;
			files = (
			);
			runOnlyForDeploymentPostprocessing = 0;
		};
		2C0000042E60000100000001 /* Resources */ = {
			isa = PBXResourcesBuildPhase;
			buildActionMask = 2147483647;
			files = (
			);
			runOnlyForDeploymentPostprocessing = 0;
		};
		4E0000042E80000100000001 /* Resources */ = {
			isa = PBXResourcesBuildPhase;
			buildActionMask = 2147483647;
			files = (
			);
			runOnlyForDeploymentPostprocessing = 0;
		};
		6B1000142F10000100000001 /* Resources */ = {
			isa = PBXResourcesBuildPhase;
			buildActionMask = 2147483647;
			files = (
			);
			runOnlyForDeploymentPostprocessing = 0;
		};
/* End PBXResourcesBuildPhase section */

/* Begin PBXShellScriptBuildPhase section */
		AA000001PLUGINKIT00000001 /* Register Widget Extension */ = {
			isa = PBXShellScriptBuildPhase;
			buildActionMask = 2147483647;
			files = (
			);
			inputFileListPaths = (
			);
			inputPaths = (
			);
			name = "Register Widget Extension";
			outputFileListPaths = (
			);
			outputPaths = (
			);
			runOnlyForDeploymentPostprocessing = 0;
			shellPath = /bin/sh;
			shellScript = "pluginkit -a \"${BUILT_PRODUCTS_DIR}/${PLUGINS_FOLDER_PATH}/RoutinaWidgetExtension.appex\"\n";
		};
/* End PBXShellScriptBuildPhase section */

/* Begin PBXSourcesBuildPhase section */
		2A5DD6382F965A91009F0331 /* Sources */ = {
			isa = PBXSourcesBuildPhase;
			buildActionMask = 2147483647;
			files = (
			);
			runOnlyForDeploymentPostprocessing = 0;
		};
		2C0000052E60000100000001 /* Sources */ = {
			isa = PBXSourcesBuildPhase;
			buildActionMask = 2147483647;
			files = (
			);
			runOnlyForDeploymentPostprocessing = 0;
		};
		4E0000052E80000100000001 /* Sources */ = {
			isa = PBXSourcesBuildPhase;
			buildActionMask = 2147483647;
			files = (
			);
			runOnlyForDeploymentPostprocessing = 0;
		};
		6B1000152F10000100000001 /* Sources */ = {
			isa = PBXSourcesBuildPhase;
			buildActionMask = 2147483647;
			files = (
			);
			runOnlyForDeploymentPostprocessing = 0;
		};
/* End PBXSourcesBuildPhase section */

/* Begin PBXTargetDependency section */
		2A5DD64A2F965A93009F0331 /* PBXTargetDependency */ = {
			isa = PBXTargetDependency;
			target = 2A5DD63B2F965A91009F0331 /* RoutinaWidgetExtension */;
			targetProxy = 2A5DD6492F965A93009F0331 /* PBXContainerItemProxy */;
		};
		6B1000162F10000100000001 /* PBXTargetDependency */ = {
			isa = PBXTargetDependency;
			target = 4E0000012E80000100000001 /* RoutinaMacOSDev */;
			targetProxy = 6B1000102F10000100000001 /* PBXContainerItemProxy */;
		};
/* End PBXTargetDependency section */

/* Begin XCBuildConfiguration section */
		2A5A74DF2D7B92F900E91075 /* Debug */ = {
			isa = XCBuildConfiguration;
			buildSettings = {
				ALWAYS_SEARCH_USER_PATHS = NO;
				ASSETCATALOG_COMPILER_GENERATE_SWIFT_ASSET_SYMBOL_EXTENSIONS = YES;
				CLANG_ANALYZER_NONNULL = YES;
				CLANG_ANALYZER_NUMBER_OBJECT_CONVERSION = YES_AGGRESSIVE;
				CLANG_CXX_LANGUAGE_STANDARD = "gnu++20";
				CLANG_ENABLE_MODULES = YES;
				CLANG_ENABLE_OBJC_ARC = YES;
				CLANG_ENABLE_OBJC_WEAK = YES;
				CLANG_WARN_BLOCK_CAPTURE_AUTORELEASING = YES;
				CLANG_WARN_BOOL_CONVERSION = YES;
				CLANG_WARN_COMMA = YES;
				CLANG_WARN_CONSTANT_CONVERSION = YES;
				CLANG_WARN_DEPRECATED_OBJC_IMPLEMENTATIONS = YES;
				CLANG_WARN_DIRECT_OBJC_ISA_USAGE = YES_ERROR;
				CLANG_WARN_DOCUMENTATION_COMMENTS = YES;
				CLANG_WARN_EMPTY_BODY = YES;
				CLANG_WARN_ENUM_CONVERSION = YES;
				CLANG_WARN_INFINITE_RECURSION = YES;
				CLANG_WARN_INT_CONVERSION = YES;
				CLANG_WARN_NON_LITERAL_NULL_CONVERSION = YES;
				CLANG_WARN_OBJC_IMPLICIT_RETAIN_SELF = YES;
				CLANG_WARN_OBJC_LITERAL_CONVERSION = YES;
				CLANG_WARN_OBJC_ROOT_CLASS = YES_ERROR;
				CLANG_WARN_QUOTED_INCLUDE_IN_FRAMEWORK_HEADER = YES;
				CLANG_WARN_RANGE_LOOP_ANALYSIS = YES;
				CLANG_WARN_STRICT_PROTOTYPES = YES;
				CLANG_WARN_SUSPICIOUS_MOVE = YES;
				CLANG_WARN_UNGUARDED_AVAILABILITY = YES_AGGRESSIVE;
				CLANG_WARN_UNREACHABLE_CODE = YES;
				CLANG_WARN__DUPLICATE_METHOD_MATCH = YES;
				COPY_PHASE_STRIP = NO;
				CURRENT_PROJECT_VERSION = 0.2;
				DEBUG_INFORMATION_FORMAT = dwarf;
				ENABLE_STRICT_OBJC_MSGSEND = YES;
				ENABLE_TESTABILITY = YES;
				ENABLE_USER_SCRIPT_SANDBOXING = YES;
				GCC_C_LANGUAGE_STANDARD = gnu17;
				GCC_DYNAMIC_NO_PIC = NO;
				GCC_NO_COMMON_BLOCKS = YES;
				GCC_OPTIMIZATION_LEVEL = 0;
				GCC_PREPROCESSOR_DEFINITIONS = (
					"DEBUG=1",
					"$(inherited)",
				);
				GCC_WARN_64_TO_32_BIT_CONVERSION = YES;
				GCC_WARN_ABOUT_RETURN_TYPE = YES_ERROR;
				GCC_WARN_UNDECLARED_SELECTOR = YES;
				GCC_WARN_UNINITIALIZED_AUTOS = YES_AGGRESSIVE;
				GCC_WARN_UNUSED_FUNCTION = YES;
				GCC_WARN_UNUSED_VARIABLE = YES;
				IPHONEOS_DEPLOYMENT_TARGET = 18.2;
				LOCALIZATION_PREFERS_STRING_CATALOGS = YES;
				MTL_ENABLE_DEBUG_INFO = INCLUDE_SOURCE;
				MTL_FAST_MATH = YES;
				ONLY_ACTIVE_ARCH = YES;
				SDKROOT = iphoneos;
				SWIFT_ACTIVE_COMPILATION_CONDITIONS = "DEBUG $(inherited)";
				SWIFT_ENABLE_EXPLICIT_MODULES = NO;
				SWIFT_OPTIMIZATION_LEVEL = "-Onone";
				SWIFT_USE_INTEGRATED_DRIVER = NO;
			};
			name = Debug;
		};
		2A5A74E02D7B92F900E91075 /* Release */ = {
			isa = XCBuildConfiguration;
			buildSettings = {
				ALWAYS_SEARCH_USER_PATHS = NO;
				ASSETCATALOG_COMPILER_GENERATE_SWIFT_ASSET_SYMBOL_EXTENSIONS = YES;
				CLANG_ANALYZER_NONNULL = YES;
				CLANG_ANALYZER_NUMBER_OBJECT_CONVERSION = YES_AGGRESSIVE;
				CLANG_CXX_LANGUAGE_STANDARD = "gnu++20";
				CLANG_ENABLE_MODULES = YES;
				CLANG_ENABLE_OBJC_ARC = YES;
				CLANG_ENABLE_OBJC_WEAK = YES;
				CLANG_WARN_BLOCK_CAPTURE_AUTORELEASING = YES;
				CLANG_WARN_BOOL_CONVERSION = YES;
				CLANG_WARN_COMMA = YES;
				CLANG_WARN_CONSTANT_CONVERSION = YES;
				CLANG_WARN_DEPRECATED_OBJC_IMPLEMENTATIONS = YES;
				CLANG_WARN_DIRECT_OBJC_ISA_USAGE = YES_ERROR;
				CLANG_WARN_DOCUMENTATION_COMMENTS = YES;
				CLANG_WARN_EMPTY_BODY = YES;
				CLANG_WARN_ENUM_CONVERSION = YES;
				CLANG_WARN_INFINITE_RECURSION = YES;
				CLANG_WARN_INT_CONVERSION = YES;
				CLANG_WARN_NON_LITERAL_NULL_CONVERSION = YES;
				CLANG_WARN_OBJC_IMPLICIT_RETAIN_SELF = YES;
				CLANG_WARN_OBJC_LITERAL_CONVERSION = YES;
				CLANG_WARN_OBJC_ROOT_CLASS = YES_ERROR;
				CLANG_WARN_QUOTED_INCLUDE_IN_FRAMEWORK_HEADER = YES;
				CLANG_WARN_RANGE_LOOP_ANALYSIS = YES;
				CLANG_WARN_STRICT_PROTOTYPES = YES;
				CLANG_WARN_SUSPICIOUS_MOVE = YES;
				CLANG_WARN_UNGUARDED_AVAILABILITY = YES_AGGRESSIVE;
				CLANG_WARN_UNREACHABLE_CODE = YES;
				CLANG_WARN__DUPLICATE_METHOD_MATCH = YES;
				COPY_PHASE_STRIP = NO;
				CURRENT_PROJECT_VERSION = 0.2;
				DEBUG_INFORMATION_FORMAT = "dwarf-with-dsym";
				ENABLE_NS_ASSERTIONS = NO;
				ENABLE_STRICT_OBJC_MSGSEND = YES;
				ENABLE_USER_SCRIPT_SANDBOXING = YES;
				GCC_C_LANGUAGE_STANDARD = gnu17;
				GCC_NO_COMMON_BLOCKS = YES;
				GCC_WARN_64_TO_32_BIT_CONVERSION = YES;
				GCC_WARN_ABOUT_RETURN_TYPE = YES_ERROR;
				GCC_WARN_UNDECLARED_SELECTOR = YES;
				GCC_WARN_UNINITIALIZED_AUTOS = YES_AGGRESSIVE;
				GCC_WARN_UNUSED_FUNCTION = YES;
				GCC_WARN_UNUSED_VARIABLE = YES;
				IPHONEOS_DEPLOYMENT_TARGET = 18.2;
				LOCALIZATION_PREFERS_STRING_CATALOGS = YES;
				MTL_ENABLE_DEBUG_INFO = NO;
				MTL_FAST_MATH = YES;
				SDKROOT = iphoneos;
				SWIFT_COMPILATION_MODE = wholemodule;
				SWIFT_ENABLE_EXPLICIT_MODULES = NO;
				SWIFT_USE_INTEGRATED_DRIVER = NO;
				VALIDATE_PRODUCT = YES;
			};
			name = Release;
		};
		2A5DD64E2F965A93009F0331 /* Debug */ = {
			isa = XCBuildConfiguration;
			buildSettings = {
				ASSETCATALOG_COMPILER_GLOBAL_ACCENT_COLOR_NAME = AccentColor;
				ASSETCATALOG_COMPILER_WIDGET_BACKGROUND_COLOR_NAME = WidgetBackground;
				CODE_SIGN_ENTITLEMENTS = RoutinaWidgetExtension.entitlements;
				CODE_SIGN_IDENTITY = "Apple Development";
				CODE_SIGN_STYLE = Automatic;
				CURRENT_PROJECT_VERSION = 1;
				DEVELOPMENT_TEAM = WV7G3G5SGX;
				ENABLE_APP_SANDBOX = YES;
				ENABLE_HARDENED_RUNTIME = YES;
				GENERATE_INFOPLIST_FILE = YES;
				INFOPLIST_FILE = RoutinaWidget/Info.plist;
				INFOPLIST_KEY_CFBundleDisplayName = RoutinaWidget;
				INFOPLIST_KEY_NSHumanReadableCopyright = "";
				LD_RUNPATH_SEARCH_PATHS = (
					"$(inherited)",
					"@executable_path/../Frameworks",
					"@executable_path/../../../../Frameworks",
				);
				MACOSX_DEPLOYMENT_TARGET = 26.4;
				MARKETING_VERSION = 1.0;
				PRODUCT_BUNDLE_IDENTIFIER = ir.hamedgh.Routinam.RoutinaWidget;
				PRODUCT_NAME = "$(TARGET_NAME)";
				PROVISIONING_PROFILE_SPECIFIER = "";
				REGISTER_APP_GROUPS = YES;
				SDKROOT = macosx;
				SKIP_INSTALL = YES;
				STRING_CATALOG_GENERATE_SYMBOLS = YES;
				SWIFT_APPROACHABLE_CONCURRENCY = YES;
				SWIFT_EMIT_LOC_STRINGS = YES;
				SWIFT_UPCOMING_FEATURE_MEMBER_IMPORT_VISIBILITY = YES;
				SWIFT_VERSION = 5.0;
			};
			name = Debug;
		};
		2A5DD64F2F965A93009F0331 /* Release */ = {
			isa = XCBuildConfiguration;
			buildSettings = {
				ASSETCATALOG_COMPILER_GLOBAL_ACCENT_COLOR_NAME = AccentColor;
				ASSETCATALOG_COMPILER_WIDGET_BACKGROUND_COLOR_NAME = WidgetBackground;
				CODE_SIGN_ENTITLEMENTS = RoutinaWidgetExtension.entitlements;
				CODE_SIGN_IDENTITY = "Apple Development";
				CODE_SIGN_STYLE = Automatic;
				CURRENT_PROJECT_VERSION = 1;
				DEVELOPMENT_TEAM = WV7G3G5SGX;
				ENABLE_APP_SANDBOX = YES;
				ENABLE_HARDENED_RUNTIME = YES;
				GENERATE_INFOPLIST_FILE = YES;
				INFOPLIST_FILE = RoutinaWidget/Info.plist;
				INFOPLIST_KEY_CFBundleDisplayName = RoutinaWidget;
				INFOPLIST_KEY_NSHumanReadableCopyright = "";
				LD_RUNPATH_SEARCH_PATHS = (
					"$(inherited)",
					"@executable_path/../Frameworks",
					"@executable_path/../../../../Frameworks",
				);
				MACOSX_DEPLOYMENT_TARGET = 26.4;
				MARKETING_VERSION = 1.0;
				PRODUCT_BUNDLE_IDENTIFIER = ir.hamedgh.Routinam.RoutinaWidget;
				PRODUCT_NAME = "$(TARGET_NAME)";
				PROVISIONING_PROFILE_SPECIFIER = "";
				REGISTER_APP_GROUPS = YES;
				SDKROOT = macosx;
				SKIP_INSTALL = YES;
				STRING_CATALOG_GENERATE_SYMBOLS = YES;
				SWIFT_APPROACHABLE_CONCURRENCY = YES;
				SWIFT_EMIT_LOC_STRINGS = YES;
				SWIFT_UPCOMING_FEATURE_MEMBER_IMPORT_VISIBILITY = YES;
				SWIFT_VERSION = 5.0;
			};
			name = Release;
		};
		2C0000072E60000100000001 /* Debug */ = {
			isa = XCBuildConfiguration;
			buildSettings = {
				ASSETCATALOG_COMPILER_APPICON_NAME = AppIcon;
				ASSETCATALOG_COMPILER_GLOBAL_ACCENT_COLOR_NAME = AccentColor;
				ASSETCATALOG_COMPILER_INCLUDE_ALL_APPICON_ASSETS = YES;
				AUTOMATION_APPLE_EVENTS = NO;
				CODE_SIGN_ENTITLEMENTS = Config/macOS/RoutinaMacOSProd.entitlements;
				CODE_SIGN_IDENTITY = "Apple Development";
				CODE_SIGN_STYLE = Automatic;
				CURRENT_PROJECT_VERSION = 1;
				DEVELOPMENT_ASSET_PATHS = "\"AppResources/Preview Content\"";
				DEVELOPMENT_TEAM = WV7G3G5SGX;
				ENABLE_APP_SANDBOX = YES;
				ENABLE_HARDENED_RUNTIME = YES;
				ENABLE_INCOMING_NETWORK_CONNECTIONS = NO;
				ENABLE_OUTGOING_NETWORK_CONNECTIONS = YES;
				ENABLE_PREVIEWS = YES;
				ENABLE_RESOURCE_ACCESS_AUDIO_INPUT = NO;
				ENABLE_RESOURCE_ACCESS_BLUETOOTH = NO;
				ENABLE_RESOURCE_ACCESS_CALENDARS = NO;
				ENABLE_RESOURCE_ACCESS_CAMERA = NO;
				ENABLE_RESOURCE_ACCESS_CONTACTS = NO;
				ENABLE_RESOURCE_ACCESS_LOCATION = YES;
				ENABLE_RESOURCE_ACCESS_PHOTO_LIBRARY = NO;
				ENABLE_RESOURCE_ACCESS_PRINTING = NO;
				ENABLE_RESOURCE_ACCESS_USB = NO;
				GENERATE_INFOPLIST_FILE = NO;
				INFOPLIST_FILE = "Config/macOS/RoutinaMacOSProd-Info.plist";
				LD_RUNPATH_SEARCH_PATHS = (
					"$(inherited)",
					"@executable_path/../Frameworks",
				);
				MACOSX_DEPLOYMENT_TARGET = 26.0;
				MARKETING_VERSION = 1;
				PRODUCT_BUNDLE_IDENTIFIER = ir.hamedgh.Routinam;
				PRODUCT_NAME = Routinam;
				PROVISIONING_PROFILE_SPECIFIER = "";
				REGISTER_APP_GROUPS = YES;
				RUNTIME_EXCEPTION_ALLOW_DYLD_ENVIRONMENT_VARIABLES = NO;
				RUNTIME_EXCEPTION_ALLOW_JIT = NO;
				RUNTIME_EXCEPTION_ALLOW_UNSIGNED_EXECUTABLE_MEMORY = NO;
				RUNTIME_EXCEPTION_DEBUGGING_TOOL = NO;
				RUNTIME_EXCEPTION_DISABLE_EXECUTABLE_PAGE_PROTECTION = NO;
				RUNTIME_EXCEPTION_DISABLE_LIBRARY_VALIDATION = NO;
				SDKROOT = macosx;
				SUPPORTED_PLATFORMS = macosx;
				SWIFT_EMIT_LOC_STRINGS = YES;
				SWIFT_ENABLE_EXPLICIT_MODULES = NO;
				SWIFT_USE_INTEGRATED_DRIVER = NO;
				SWIFT_VERSION = 6.0;
				TARGETED_DEVICE_FAMILY = 6;
			};
			name = Debug;
		};
		2C0000082E60000100000001 /* Release */ = {
			isa = XCBuildConfiguration;
			buildSettings = {
				ASSETCATALOG_COMPILER_APPICON_NAME = AppIcon;
				ASSETCATALOG_COMPILER_GLOBAL_ACCENT_COLOR_NAME = AccentColor;
				ASSETCATALOG_COMPILER_INCLUDE_ALL_APPICON_ASSETS = YES;
				AUTOMATION_APPLE_EVENTS = NO;
				CODE_SIGN_ENTITLEMENTS = Config/macOS/RoutinaMacOSProdRelease.entitlements;
				CODE_SIGN_STYLE = Automatic;
				CURRENT_PROJECT_VERSION = 1;
				DEVELOPMENT_ASSET_PATHS = "\"AppResources/Preview Content\"";
				DEVELOPMENT_TEAM = WV7G3G5SGX;
				ENABLE_APP_SANDBOX = YES;
				ENABLE_HARDENED_RUNTIME = YES;
				ENABLE_INCOMING_NETWORK_CONNECTIONS = NO;
				ENABLE_OUTGOING_NETWORK_CONNECTIONS = YES;
				ENABLE_PREVIEWS = YES;
				ENABLE_RESOURCE_ACCESS_AUDIO_INPUT = NO;
				ENABLE_RESOURCE_ACCESS_BLUETOOTH = NO;
				ENABLE_RESOURCE_ACCESS_CALENDARS = NO;
				ENABLE_RESOURCE_ACCESS_CAMERA = NO;
				ENABLE_RESOURCE_ACCESS_CONTACTS = NO;
				ENABLE_RESOURCE_ACCESS_LOCATION = YES;
				ENABLE_RESOURCE_ACCESS_PHOTO_LIBRARY = NO;
				ENABLE_RESOURCE_ACCESS_PRINTING = NO;
				ENABLE_RESOURCE_ACCESS_USB = NO;
				GENERATE_INFOPLIST_FILE = NO;
				INFOPLIST_FILE = "Config/macOS/RoutinaMacOSProd-Info.plist";
				LD_RUNPATH_SEARCH_PATHS = (
					"$(inherited)",
					"@executable_path/../Frameworks",
				);
				MACOSX_DEPLOYMENT_TARGET = 26.0;
				MARKETING_VERSION = 1;
				PRODUCT_BUNDLE_IDENTIFIER = ir.hamedgh.Routinam;
				PRODUCT_NAME = Routinam;
				PROVISIONING_PROFILE_SPECIFIER = "";
				REGISTER_APP_GROUPS = YES;
				RUNTIME_EXCEPTION_ALLOW_DYLD_ENVIRONMENT_VARIABLES = NO;
				RUNTIME_EXCEPTION_ALLOW_JIT = NO;
				RUNTIME_EXCEPTION_ALLOW_UNSIGNED_EXECUTABLE_MEMORY = NO;
				RUNTIME_EXCEPTION_DEBUGGING_TOOL = NO;
				RUNTIME_EXCEPTION_DISABLE_EXECUTABLE_PAGE_PROTECTION = NO;
				RUNTIME_EXCEPTION_DISABLE_LIBRARY_VALIDATION = NO;
				SDKROOT = macosx;
				SUPPORTED_PLATFORMS = macosx;
				SWIFT_EMIT_LOC_STRINGS = YES;
				SWIFT_ENABLE_EXPLICIT_MODULES = NO;
				SWIFT_USE_INTEGRATED_DRIVER = NO;
				SWIFT_VERSION = 6.0;
				TARGETED_DEVICE_FAMILY = 6;
			};
			name = Release;
		};
		4E0000072E80000100000001 /* Debug */ = {
			isa = XCBuildConfiguration;
			buildSettings = {
				ASSETCATALOG_COMPILER_GLOBAL_ACCENT_COLOR_NAME = AccentColor;
				CODE_SIGN_ENTITLEMENTS = Config/macOS/RoutinaMacOSDev.entitlements;
				CODE_SIGN_IDENTITY = "Apple Development";
				CODE_SIGN_STYLE = Automatic;
				CURRENT_PROJECT_VERSION = 1;
				DEVELOPMENT_ASSET_PATHS = "\"AppResources/Preview Content\"";
				DEVELOPMENT_TEAM = WV7G3G5SGX;
				ENABLE_PREVIEWS = YES;
				GENERATE_INFOPLIST_FILE = NO;
				INFOPLIST_FILE = "Config/macOS/RoutinaMacOSDev-Info.plist";
				LD_RUNPATH_SEARCH_PATHS = (
					"$(inherited)",
					"@executable_path/../Frameworks",
				);
				MACOSX_DEPLOYMENT_TARGET = 26.0;
				MARKETING_VERSION = 1;
				PRODUCT_BUNDLE_IDENTIFIER = ir.hamedgh.Routinam.mac.dev;
				PRODUCT_MODULE_NAME = RoutinaMacOSDev;
				PRODUCT_NAME = "$(TARGET_NAME)";
				PROVISIONING_PROFILE_SPECIFIER = "";
				REGISTER_APP_GROUPS = YES;
				SDKROOT = macosx;
				SUPPORTED_PLATFORMS = macosx;
				SWIFT_EMIT_LOC_STRINGS = YES;
				SWIFT_ENABLE_EXPLICIT_MODULES = NO;
				SWIFT_USE_INTEGRATED_DRIVER = NO;
				SWIFT_VERSION = 6.0;
				TARGETED_DEVICE_FAMILY = 6;
			};
			name = Debug;
		};
		4E0000082E80000100000001 /* Release */ = {
			isa = XCBuildConfiguration;
			buildSettings = {
				ASSETCATALOG_COMPILER_GLOBAL_ACCENT_COLOR_NAME = AccentColor;
				CODE_SIGN_ENTITLEMENTS = Config/macOS/RoutinaMacOSDev.entitlements;
				CODE_SIGN_IDENTITY = "Apple Development";
				CODE_SIGN_STYLE = Automatic;
				CURRENT_PROJECT_VERSION = 1;
				DEVELOPMENT_ASSET_PATHS = "\"AppResources/Preview Content\"";
				DEVELOPMENT_TEAM = WV7G3G5SGX;
				ENABLE_PREVIEWS = YES;
				GENERATE_INFOPLIST_FILE = NO;
				INFOPLIST_FILE = "Config/macOS/RoutinaMacOSDev-Info.plist";
				LD_RUNPATH_SEARCH_PATHS = (
					"$(inherited)",
					"@executable_path/../Frameworks",
				);
				MACOSX_DEPLOYMENT_TARGET = 26.0;
				MARKETING_VERSION = 1;
				PRODUCT_BUNDLE_IDENTIFIER = ir.hamedgh.Routinam.mac.dev;
				PRODUCT_MODULE_NAME = RoutinaMacOSDev;
				PRODUCT_NAME = "$(TARGET_NAME)";
				PROVISIONING_PROFILE_SPECIFIER = "";
				REGISTER_APP_GROUPS = YES;
				SDKROOT = macosx;
				SUPPORTED_PLATFORMS = macosx;
				SWIFT_EMIT_LOC_STRINGS = YES;
				SWIFT_ENABLE_EXPLICIT_MODULES = NO;
				SWIFT_USE_INTEGRATED_DRIVER = NO;
				SWIFT_VERSION = 6.0;
				TARGETED_DEVICE_FAMILY = 6;
			};
			name = Release;
		};
		6B1000172F10000100000001 /* Debug */ = {
			isa = XCBuildConfiguration;
			buildSettings = {
				BUNDLE_LOADER = "$(TEST_HOST)";
				CODE_SIGN_STYLE = Automatic;
				CURRENT_PROJECT_VERSION = 0.2;
				DEVELOPMENT_TEAM = WV7G3G5SGX;
				GENERATE_INFOPLIST_FILE = YES;
				LD_RUNPATH_SEARCH_PATHS = (
					"$(inherited)",
					"@executable_path/../Frameworks",
					"@loader_path/../Frameworks",
				);
				MACOSX_DEPLOYMENT_TARGET = 26.0;
				MARKETING_VERSION = 1.0;
				PRODUCT_BUNDLE_IDENTIFIER = ir.hamedgh.RoutinaMacOSTests;
				PRODUCT_NAME = "$(TARGET_NAME)";
				SDKROOT = macosx;
				SUPPORTED_PLATFORMS = macosx;
				SWIFT_EMIT_LOC_STRINGS = NO;
				SWIFT_ENABLE_EXPLICIT_MODULES = NO;
				SWIFT_USE_INTEGRATED_DRIVER = NO;
				SWIFT_VERSION = 6.0;
				TARGETED_DEVICE_FAMILY = 6;
				TEST_HOST = "$(BUILT_PRODUCTS_DIR)/RoutinaMacOSDev.app/Contents/MacOS/RoutinaMacOSDev";
			};
			name = Debug;
		};
		6B1000182F10000100000001 /* Release */ = {
			isa = XCBuildConfiguration;
			buildSettings = {
				BUNDLE_LOADER = "$(TEST_HOST)";
				CODE_SIGN_STYLE = Automatic;
				CURRENT_PROJECT_VERSION = 0.2;
				DEVELOPMENT_TEAM = WV7G3G5SGX;
				GENERATE_INFOPLIST_FILE = YES;
				LD_RUNPATH_SEARCH_PATHS = (
					"$(inherited)",
					"@executable_path/../Frameworks",
					"@loader_path/../Frameworks",
				);
				MACOSX_DEPLOYMENT_TARGET = 26.0;
				MARKETING_VERSION = 1.0;
				PRODUCT_BUNDLE_IDENTIFIER = ir.hamedgh.RoutinaMacOSTests;
				PRODUCT_NAME = "$(TARGET_NAME)";
				SDKROOT = macosx;
				SUPPORTED_PLATFORMS = macosx;
				SWIFT_EMIT_LOC_STRINGS = NO;
				SWIFT_ENABLE_EXPLICIT_MODULES = NO;
				SWIFT_USE_INTEGRATED_DRIVER = NO;
				SWIFT_VERSION = 6.0;
				TARGETED_DEVICE_FAMILY = 6;
				TEST_HOST = "$(BUILT_PRODUCTS_DIR)/RoutinaMacOSDev.app/Contents/MacOS/RoutinaMacOSDev";
			};
			name = Release;
		};
/* End XCBuildConfiguration section */

/* Begin XCConfigurationList section */
		2A5A74B82D7B92F600E91075 /* Build configuration list for PBXProject "RoutinaMacOS" */ = {
			isa = XCConfigurationList;
			buildConfigurations = (
				2A5A74DF2D7B92F900E91075 /* Debug */,
				2A5A74E02D7B92F900E91075 /* Release */,
			);
			defaultConfigurationIsVisible = 0;
			defaultConfigurationName = Release;
		};
		2A5DD64D2F965A93009F0331 /* Build configuration list for PBXNativeTarget "RoutinaWidgetExtension" */ = {
			isa = XCConfigurationList;
			buildConfigurations = (
				2A5DD64E2F965A93009F0331 /* Debug */,
				2A5DD64F2F965A93009F0331 /* Release */,
			);
			defaultConfigurationIsVisible = 0;
			defaultConfigurationName = Release;
		};
		2C0000062E60000100000001 /* Build configuration list for PBXNativeTarget "RoutinaMacOSProd" */ = {
			isa = XCConfigurationList;
			buildConfigurations = (
				2C0000072E60000100000001 /* Debug */,
				2C0000082E60000100000001 /* Release */,
			);
			defaultConfigurationIsVisible = 0;
			defaultConfigurationName = Release;
		};
		4E0000062E80000100000001 /* Build configuration list for PBXNativeTarget "RoutinaMacOSDev" */ = {
			isa = XCConfigurationList;
			buildConfigurations = (
				4E0000072E80000100000001 /* Debug */,
				4E0000082E80000100000001 /* Release */,
			);
			defaultConfigurationIsVisible = 0;
			defaultConfigurationName = Release;
		};
		6B1000192F10000100000001 /* Build configuration list for PBXNativeTarget "RoutinaMacOSTests" */ = {
			isa = XCConfigurationList;
			buildConfigurations = (
				6B1000172F10000100000001 /* Debug */,
				6B1000182F10000100000001 /* Release */,
			);
			defaultConfigurationIsVisible = 0;
			defaultConfigurationName = Release;
		};
/* End XCConfigurationList section */

/* Begin XCLocalSwiftPackageReference section */
		7A2200012F20000100000001 /* XCLocalSwiftPackageReference "." */ = {
			isa = XCLocalSwiftPackageReference;
			relativePath = .;
		};
/* End XCLocalSwiftPackageReference section */

/* Begin XCRemoteSwiftPackageReference section */
		2A4B56AC2D8DB48D00760BCA /* XCRemoteSwiftPackageReference "swift-composable-architecture" */ = {
			isa = XCRemoteSwiftPackageReference;
			repositoryURL = "https://github.com/pointfreeco/swift-composable-architecture";
			requirement = {
				kind = upToNextMajorVersion;
				minimumVersion = 1.24.1;
			};
		};
		2B1002012E5F000100000001 /* XCRemoteSwiftPackageReference "swift-dependencies" */ = {
			isa = XCRemoteSwiftPackageReference;
			repositoryURL = "https://github.com/pointfreeco/swift-dependencies";
			requirement = {
				kind = upToNextMajorVersion;
				minimumVersion = 1.4.0;
			};
		};
		2B1002022E5F000100000001 /* XCRemoteSwiftPackageReference "swift-case-paths" */ = {
			isa = XCRemoteSwiftPackageReference;
			repositoryURL = "https://github.com/pointfreeco/swift-case-paths";
			requirement = {
				kind = upToNextMajorVersion;
				minimumVersion = 1.5.4;
			};
		};
		2B1002032E5F000100000001 /* XCRemoteSwiftPackageReference "swift-perception" */ = {
			isa = XCRemoteSwiftPackageReference;
			repositoryURL = "https://github.com/pointfreeco/swift-perception";
			requirement = {
				kind = upToNextMajorVersion;
				minimumVersion = 1.3.4;
			};
		};
		2B1002042E5F000100000001 /* XCRemoteSwiftPackageReference "swift-concurrency-extras" */ = {
			isa = XCRemoteSwiftPackageReference;
			repositoryURL = "https://github.com/pointfreeco/swift-concurrency-extras";
			requirement = {
				kind = upToNextMajorVersion;
				minimumVersion = 1.2.0;
			};
		};
/* End XCRemoteSwiftPackageReference section */

/* Begin XCSwiftPackageProductDependency section */
		2A4B56AD2D8DB48D00760BCA /* ComposableArchitecture */ = {
			isa = XCSwiftPackageProductDependency;
			package = 2A4B56AC2D8DB48D00760BCA /* XCRemoteSwiftPackageReference "swift-composable-architecture" */;
			productName = ComposableArchitecture;
		};
		2A4B56AF2D8DB4AB00760BCA /* ComposableArchitecture */ = {
			isa = XCSwiftPackageProductDependency;
			package = 2A4B56AC2D8DB48D00760BCA /* XCRemoteSwiftPackageReference "swift-composable-architecture" */;
			productName = ComposableArchitecture;
		};
		2B1001012E5F000100000001 /* Dependencies */ = {
			isa = XCSwiftPackageProductDependency;
			package = 2B1002012E5F000100000001 /* XCRemoteSwiftPackageReference "swift-dependencies" */;
			productName = Dependencies;
		};
		2B1001022E5F000100000001 /* CasePaths */ = {
			isa = XCSwiftPackageProductDependency;
			package = 2B1002022E5F000100000001 /* XCRemoteSwiftPackageReference "swift-case-paths" */;
			productName = CasePaths;
		};
		2B1001032E5F000100000001 /* Perception */ = {
			isa = XCSwiftPackageProductDependency;
			package = 2B1002032E5F000100000001 /* XCRemoteSwiftPackageReference "swift-perception" */;
			productName = Perception;
		};
		2B1001042E5F000100000001 /* Dependencies */ = {
			isa = XCSwiftPackageProductDependency;
			package = 2B1002012E5F000100000001 /* XCRemoteSwiftPackageReference "swift-dependencies" */;
			productName = Dependencies;
		};
		2B1001052E5F000100000001 /* CasePaths */ = {
			isa = XCSwiftPackageProductDependency;
			package = 2B1002022E5F000100000001 /* XCRemoteSwiftPackageReference "swift-case-paths" */;
			productName = CasePaths;
		};
		2B1001062E5F000100000001 /* Perception */ = {
			isa = XCSwiftPackageProductDependency;
			package = 2B1002032E5F000100000001 /* XCRemoteSwiftPackageReference "swift-perception" */;
			productName = Perception;
		};
		2B1001072E5F000100000001 /* ConcurrencyExtras */ = {
			isa = XCSwiftPackageProductDependency;
			package = 2B1002042E5F000100000001 /* XCRemoteSwiftPackageReference "swift-concurrency-extras" */;
			productName = ConcurrencyExtras;
		};
		2B1001082E5F000100000001 /* ConcurrencyExtras */ = {
			isa = XCSwiftPackageProductDependency;
			package = 2B1002042E5F000100000001 /* XCRemoteSwiftPackageReference "swift-concurrency-extras" */;
			productName = ConcurrencyExtras;
		};
		2B1001092E5F000100000001 /* PerceptionCore */ = {
			isa = XCSwiftPackageProductDependency;
			package = 2B1002032E5F000100000001 /* XCRemoteSwiftPackageReference "swift-perception" */;
			productName = PerceptionCore;
		};
		2B1001102E5F000100000001 /* PerceptionCore */ = {
			isa = XCSwiftPackageProductDependency;
			package = 2B1002032E5F000100000001 /* XCRemoteSwiftPackageReference "swift-perception" */;
			productName = PerceptionCore;
		};
/* End XCSwiftPackageProductDependency section */
	};
	rootObject = 2A5A74B52D7B92F600E91075 /* Project object */;
}
