// !$*UTF8*$!
{
	archiveVersion = 1;
	classes = {
	};
	objectVersion = 77;
	objects = {

/* Begin PBXBuildFile section */
		2A4B56AE2D8DB48D00760BCA /* ComposableArchitecture in Frameworks */ = {isa = PBXBuildFile; productRef = 2A4B56AD2D8DB48D00760BCA /* ComposableArchitecture */; };
		2A4B56B02D8DB4AB00760BCA /* ComposableArchitecture in Frameworks */ = {isa = PBXBuildFile; productRef = 2A4B56AF2D8DB4AB00760BCA /* ComposableArchitecture */; };
		2B1000012E5F000100000001 /* Dependencies in Frameworks */ = {isa = PBXBuildFile; productRef = 2B1001012E5F000100000001 /* Dependencies */; };
		2B1000022E5F000100000001 /* CasePaths in Frameworks */ = {isa = PBXBuildFile; productRef = 2B1001022E5F000100000001 /* CasePaths */; };
		2B1000032E5F000100000001 /* Perception in Frameworks */ = {isa = PBXBuildFile; productRef = 2B1001032E5F000100000001 /* Perception */; };
		2B1000042E5F000100000001 /* Dependencies in Frameworks */ = {isa = PBXBuildFile; productRef = 2B1001042E5F000100000001 /* Dependencies */; };
		2B1000052E5F000100000001 /* CasePaths in Frameworks */ = {isa = PBXBuildFile; productRef = 2B1001052E5F000100000001 /* CasePaths */; };
		2B1000062E5F000100000001 /* Perception in Frameworks */ = {isa = PBXBuildFile; productRef = 2B1001062E5F000100000001 /* Perception */; };
		2B1000072E5F000100000001 /* ConcurrencyExtras in Frameworks */ = {isa = PBXBuildFile; productRef = 2B1001072E5F000100000001 /* ConcurrencyExtras */; };
		2B1000082E5F000100000001 /* ConcurrencyExtras in Frameworks */ = {isa = PBXBuildFile; productRef = 2B1001082E5F000100000001 /* ConcurrencyExtras */; };
		2B1000092E5F000100000001 /* PerceptionCore in Frameworks */ = {isa = PBXBuildFile; productRef = 2B1001092E5F000100000001 /* PerceptionCore */; };
		2B1000102E5F000100000001 /* PerceptionCore in Frameworks */ = {isa = PBXBuildFile; productRef = 2B1001102E5F000100000001 /* PerceptionCore */; };
		3D1000012E70000100000001 /* ComposableArchitecture in Frameworks */ = {isa = PBXBuildFile; productRef = 2A4B56AD2D8DB48D00760BCA /* ComposableArchitecture */; };
		3D1000022E70000100000001 /* Dependencies in Frameworks */ = {isa = PBXBuildFile; productRef = 2B1001012E5F000100000001 /* Dependencies */; };
		3D1000032E70000100000001 /* CasePaths in Frameworks */ = {isa = PBXBuildFile; productRef = 2B1001022E5F000100000001 /* CasePaths */; };
		3D1000042E70000100000001 /* Perception in Frameworks */ = {isa = PBXBuildFile; productRef = 2B1001032E5F000100000001 /* Perception */; };
		3D1000052E70000100000001 /* ConcurrencyExtras in Frameworks */ = {isa = PBXBuildFile; productRef = 2B1001072E5F000100000001 /* ConcurrencyExtras */; };
		3D1000062E70000100000001 /* PerceptionCore in Frameworks */ = {isa = PBXBuildFile; productRef = 2B1001092E5F000100000001 /* PerceptionCore */; };
		5F1000012E90000100000001 /* RoutinaWatchApp.app in Embed Watch Content */ = {isa = PBXBuildFile; fileRef = 5F1000072E90000100000001 /* RoutinaWatchApp.app */; };
		5F1000022E90000100000001 /* RoutinaWatchExtension.appex in Embed App Extensions */ = {isa = PBXBuildFile; fileRef = 5F1000082E90000100000001 /* RoutinaWatchExtension.appex */; };
/* End PBXBuildFile section */

/* Begin PBXContainerItemProxy section */
		1F1000012F30000100000001 /* PBXContainerItemProxy */ = {
			isa = PBXContainerItemProxy;
			containerPortal = 2A5A74B52D7B92F600E91075 /* Project object */;
			proxyType = 1;
			remoteGlobalIDString = 3D1000402E70000100000001;
			remoteInfo = RoutinaiOSDev;
		};
		2A5A74D82D7B92F900E91075 /* PBXContainerItemProxy */ = {
			isa = PBXContainerItemProxy;
			containerPortal = 2A5A74B52D7B92F600E91075 /* Project object */;
			proxyType = 1;
			remoteGlobalIDString = 2A5A74BC2D7B92F600E91075;
			remoteInfo = RoutinaiOSProd;
		};
		5F1000032E90000100000001 /* PBXContainerItemProxy */ = {
			isa = PBXContainerItemProxy;
			containerPortal = 2A5A74B52D7B92F600E91075 /* Project object */;
			proxyType = 1;
			remoteGlobalIDString = 5F1000132E90000100000001;
			remoteInfo = RoutinaWatchApp;
		};
		5F1000042E90000100000001 /* PBXContainerItemProxy */ = {
			isa = PBXContainerItemProxy;
			containerPortal = 2A5A74B52D7B92F600E91075 /* Project object */;
			proxyType = 1;
			remoteGlobalIDString = 5F1000142E90000100000001;
			remoteInfo = RoutinaWatchExtension;
		};
/* End PBXContainerItemProxy section */

/* Begin PBXCopyFilesBuildPhase section */
		5F1000052E90000100000001 /* Embed Watch Content */ = {
			isa = PBXCopyFilesBuildPhase;
			buildActionMask = 2147483647;
			dstPath = "$(CONTENTS_FOLDER_PATH)/Watch";
			dstSubfolderSpec = 16;
			files = (
				5F1000012E90000100000001 /* RoutinaWatchApp.app in Embed Watch Content */,
			);
			name = "Embed Watch Content";
			runOnlyForDeploymentPostprocessing = 0;
		};
		5F1000062E90000100000001 /* Embed App Extensions */ = {
			isa = PBXCopyFilesBuildPhase;
			buildActionMask = 2147483647;
			dstPath = "";
			dstSubfolderSpec = 13;
			files = (
				5F1000022E90000100000001 /* RoutinaWatchExtension.appex in Embed App Extensions */,
			);
			name = "Embed App Extensions";
			runOnlyForDeploymentPostprocessing = 0;
		};
/* End PBXCopyFilesBuildPhase section */

/* Begin PBXFileReference section */
		2A5A74BD2D7B92F600E91075 /* Routinam.app */ = {isa = PBXFileReference; explicitFileType = wrapper.application; includeInIndex = 0; path = Routinam.app; sourceTree = BUILT_PRODUCTS_DIR; };
		2A5A74CD2D7B92F900E91075 /* RoutinaiOSTests.xctest */ = {isa = PBXFileReference; explicitFileType = wrapper.cfbundle; includeInIndex = 0; path = RoutinaiOSTests.xctest; sourceTree = BUILT_PRODUCTS_DIR; };
		2A5A74D72D7B92F900E91075 /* RoutinaiOSUITests.xctest */ = {isa = PBXFileReference; explicitFileType = wrapper.cfbundle; includeInIndex = 0; path = RoutinaiOSUITests.xctest; sourceTree = BUILT_PRODUCTS_DIR; };
		2C0000022E60000100000001 /* Routina.app */ = {isa = PBXFileReference; explicitFileType = wrapper.application; includeInIndex = 0; path = Routina.app; sourceTree = BUILT_PRODUCTS_DIR; };
		3D1000102E70000100000001 /* RoutinaiOSDev.app */ = {isa = PBXFileReference; explicitFileType = wrapper.application; includeInIndex = 0; path = RoutinaiOSDev.app; sourceTree = BUILT_PRODUCTS_DIR; };
		4E0000022E80000100000001 /* RoutinaMacOSDev.app */ = {isa = PBXFileReference; explicitFileType = wrapper.application; includeInIndex = 0; path = RoutinaMacOSDev.app; sourceTree = BUILT_PRODUCTS_DIR; };
		5F1000072E90000100000001 /* RoutinaWatchApp.app */ = {isa = PBXFileReference; explicitFileType = wrapper.application; includeInIndex = 0; path = RoutinaWatchApp.app; sourceTree = BUILT_PRODUCTS_DIR; };
		5F1000082E90000100000001 /* RoutinaWatchExtension.appex */ = {isa = PBXFileReference; explicitFileType = "wrapper.app-extension"; includeInIndex = 0; path = RoutinaWatchExtension.appex; sourceTree = BUILT_PRODUCTS_DIR; };
		6B1000112F10000100000001 /* RoutinaMacOSTests.xctest */ = {isa = PBXFileReference; explicitFileType = wrapper.cfbundle; includeInIndex = 0; path = RoutinaMacOSTests.xctest; sourceTree = BUILT_PRODUCTS_DIR; };
/* End PBXFileReference section */

/* Begin PBXFileSystemSynchronizedBuildFileExceptionSet section */
		2AF327682E3DA5400003D53E /* Exceptions for "iOSConfig" folder in "RoutinaiOSProd" target */ = {
			isa = PBXFileSystemSynchronizedBuildFileExceptionSet;
			membershipExceptions = (
				Info.plist,
			);
			target = 2A5A74BC2D7B92F600E91075 /* RoutinaiOSProd */;
		};
		3D1000202E70000100000001 /* Exceptions for "iOSConfig" folder in "RoutinaiOSDev" target */ = {
			isa = PBXFileSystemSynchronizedBuildFileExceptionSet;
			membershipExceptions = (
				Info.plist,
			);
			target = 3D1000402E70000100000001 /* RoutinaiOSDev */;
		};
		5F1000272E90000100000001 /* Exceptions for "Watch App" folder in "RoutinaWatchApp" target */ = {
			isa = PBXFileSystemSynchronizedBuildFileExceptionSet;
			membershipExceptions = (
				Info.plist,
			);
			target = 5F1000132E90000100000001 /* RoutinaWatchApp */;
		};
		5F1000282E90000100000001 /* Exceptions for "Watch Extension" folder in "RoutinaWatchExtension" target */ = {
			isa = PBXFileSystemSynchronizedBuildFileExceptionSet;
			membershipExceptions = (
				Info.plist,
			);
			target = 5F1000142E90000100000001 /* RoutinaWatchExtension */;
		};
/* End PBXFileSystemSynchronizedBuildFileExceptionSet section */

/* Begin PBXFileSystemSynchronizedRootGroup section */
		1F1000032F30000100000001 /* iOS Tests */ = {
			isa = PBXFileSystemSynchronizedRootGroup;
			name = "iOS Tests";
			path = Tests/iOS;
			sourceTree = "<group>";
		};
		2A5A74BF2D7B92F600E91075 /* iOSConfig */ = {
			isa = PBXFileSystemSynchronizedRootGroup;
			exceptions = (
				2AF327682E3DA5400003D53E /* Exceptions for "iOSConfig" folder in "RoutinaiOSProd" target */,
				3D1000202E70000100000001 /* Exceptions for "iOSConfig" folder in "RoutinaiOSDev" target */,
			);
			name = iOSConfig;
			path = Config/iOS;
			sourceTree = "<group>";
		};
		2A5A74D02D7B92F900E91075 /* Shared Tests */ = {
			isa = PBXFileSystemSynchronizedRootGroup;
			name = "Shared Tests";
			path = Tests/Shared;
			sourceTree = "<group>";
		};
		2A5A74DA2D7B92F900E91075 /* UI Tests */ = {
			isa = PBXFileSystemSynchronizedRootGroup;
			name = "UI Tests";
			path = Tests/iOSUI;
			sourceTree = "<group>";
		};
		5F1000092E90000100000001 /* Watch App */ = {
			isa = PBXFileSystemSynchronizedRootGroup;
			exceptions = (
				5F1000272E90000100000001 /* Exceptions for "Watch App" folder in "RoutinaWatchApp" target */,
			);
			name = "Watch App";
			path = RoutinaWatchApp;
			sourceTree = "<group>";
		};
		5F1000102E90000100000001 /* Watch Extension */ = {
			isa = PBXFileSystemSynchronizedRootGroup;
			exceptions = (
				5F1000282E90000100000001 /* Exceptions for "Watch Extension" folder in "RoutinaWatchExtension" target */,
			);
			name = "Watch Extension";
			path = RoutinaWatchExtension;
			sourceTree = "<group>";
		};
		AA0000012F30000100000001 /* iOSApp */ = {
			isa = PBXFileSystemSynchronizedRootGroup;
			name = iOSApp;
			path = iOS;
			sourceTree = "<group>";
		};
		AA0000022F30000100000001 /* SharedCore */ = {
			isa = PBXFileSystemSynchronizedRootGroup;
			path = SharedCore;
			sourceTree = "<group>";
		};
		AA0000032F30000100000001 /* AppResources */ = {
			isa = PBXFileSystemSynchronizedRootGroup;
			path = AppResources;
			sourceTree = "<group>";
		};
/* End PBXFileSystemSynchronizedRootGroup section */

/* Begin PBXFrameworksBuildPhase section */
		2A5A74BA2D7B92F600E91075 /* Frameworks */ = {
			isa = PBXFrameworksBuildPhase;
			buildActionMask = 2147483647;
			files = (
				2A4B56AE2D8DB48D00760BCA /* ComposableArchitecture in Frameworks */,
				2B1000012E5F000100000001 /* Dependencies in Frameworks */,
				2B1000022E5F000100000001 /* CasePaths in Frameworks */,
				2B1000032E5F000100000001 /* Perception in Frameworks */,
				2B1000072E5F000100000001 /* ConcurrencyExtras in Frameworks */,
				2B1000092E5F000100000001 /* PerceptionCore in Frameworks */,
			);
			runOnlyForDeploymentPostprocessing = 0;
		};
		2A5A74CA2D7B92F900E91075 /* Frameworks */ = {
			isa = PBXFrameworksBuildPhase;
			buildActionMask = 2147483647;
			files = (
				2A4B56B02D8DB4AB00760BCA /* ComposableArchitecture in Frameworks */,
				2B1000042E5F000100000001 /* Dependencies in Frameworks */,
				2B1000052E5F000100000001 /* CasePaths in Frameworks */,
				2B1000062E5F000100000001 /* Perception in Frameworks */,
				2B1000082E5F000100000001 /* ConcurrencyExtras in Frameworks */,
				2B1000102E5F000100000001 /* PerceptionCore in Frameworks */,
			);
			runOnlyForDeploymentPostprocessing = 0;
		};
		2A5A74D42D7B92F900E91075 /* Frameworks */ = {
			isa = PBXFrameworksBuildPhase;
			buildActionMask = 2147483647;
			files = (
			);
			runOnlyForDeploymentPostprocessing = 0;
		};
		3D1000302E70000100000001 /* Frameworks */ = {
			isa = PBXFrameworksBuildPhase;
			buildActionMask = 2147483647;
			files = (
				3D1000012E70000100000001 /* ComposableArchitecture in Frameworks */,
				3D1000022E70000100000001 /* Dependencies in Frameworks */,
				3D1000032E70000100000001 /* CasePaths in Frameworks */,
				3D1000042E70000100000001 /* Perception in Frameworks */,
				3D1000052E70000100000001 /* ConcurrencyExtras in Frameworks */,
				3D1000062E70000100000001 /* PerceptionCore in Frameworks */,
			);
			runOnlyForDeploymentPostprocessing = 0;
		};
		5F1000112E90000100000001 /* Frameworks */ = {
			isa = PBXFrameworksBuildPhase;
			buildActionMask = 2147483647;
			files = (
			);
			runOnlyForDeploymentPostprocessing = 0;
		};
		5F1000122E90000100000001 /* Frameworks */ = {
			isa = PBXFrameworksBuildPhase;
			buildActionMask = 2147483647;
			files = (
			);
			runOnlyForDeploymentPostprocessing = 0;
		};
/* End PBXFrameworksBuildPhase section */

/* Begin PBXGroup section */
		2A4B56A92D8DB46700760BCA /* Frameworks */ = {
			isa = PBXGroup;
			children = (
			);
			name = Frameworks;
			sourceTree = "<group>";
		};
		2A5A74B42D7B92F600E91075 = {
			isa = PBXGroup;
			children = (
				AA0000012F30000100000001 /* iOSApp */,
				AA0000022F30000100000001 /* SharedCore */,
				AA0000032F30000100000001 /* AppResources */,
				2A5A74BF2D7B92F600E91075 /* iOSConfig */,
				2A5A74D02D7B92F900E91075 /* Shared Tests */,
				1F1000032F30000100000001 /* iOS Tests */,
				2A5A74DA2D7B92F900E91075 /* UI Tests */,
				5F1000092E90000100000001 /* Watch App */,
				5F1000102E90000100000001 /* Watch Extension */,
				2A4B56A92D8DB46700760BCA /* Frameworks */,
				2A5A74BE2D7B92F600E91075 /* Products */,
			);
			sourceTree = "<group>";
		};
		2A5A74BE2D7B92F600E91075 /* Products */ = {
			isa = PBXGroup;
			children = (
				2A5A74BD2D7B92F600E91075 /* Routinam.app */,
				3D1000102E70000100000001 /* RoutinaiOSDev.app */,
				2C0000022E60000100000001 /* Routina.app */,
				4E0000022E80000100000001 /* RoutinaMacOSDev.app */,
				5F1000072E90000100000001 /* RoutinaWatchApp.app */,
				5F1000082E90000100000001 /* RoutinaWatchExtension.appex */,
				2A5A74CD2D7B92F900E91075 /* RoutinaiOSTests.xctest */,
				2A5A74D72D7B92F900E91075 /* RoutinaiOSUITests.xctest */,
				6B1000112F10000100000001 /* RoutinaMacOSTests.xctest */,
			);
			name = Products;
			sourceTree = "<group>";
		};
/* End PBXGroup section */

/* Begin PBXNativeTarget section */
		2A5A74BC2D7B92F600E91075 /* RoutinaiOSProd */ = {
			isa = PBXNativeTarget;
			buildConfigurationList = 2A5A74E12D7B92F900E91075 /* Build configuration list for PBXNativeTarget "RoutinaiOSProd" */;
			buildPhases = (
				2A5A74B92D7B92F600E91075 /* Sources */,
				2A5A74BA2D7B92F600E91075 /* Frameworks */,
				2A5A74BB2D7B92F600E91075 /* Resources */,
				5F1000052E90000100000001 /* Embed Watch Content */,
			);
			buildRules = (
			);
			dependencies = (
				5F1000192E90000100000001 /* PBXTargetDependency */,
			);
			fileSystemSynchronizedGroups = (
				2A5A74BF2D7B92F600E91075 /* iOSConfig */,
				AA0000012F30000100000001 /* iOSApp */,
				AA0000022F30000100000001 /* SharedCore */,
				AA0000032F30000100000001 /* AppResources */,
			);
			name = RoutinaiOSProd;
			packageProductDependencies = (
				2A4B56AD2D8DB48D00760BCA /* ComposableArchitecture */,
				2B1001012E5F000100000001 /* Dependencies */,
				2B1001022E5F000100000001 /* CasePaths */,
				2B1001032E5F000100000001 /* Perception */,
				2B1001072E5F000100000001 /* ConcurrencyExtras */,
				2B1001092E5F000100000001 /* PerceptionCore */,
			);
			productName = RoutinaiOSProd;
			productReference = 2A5A74BD2D7B92F600E91075 /* Routinam.app */;
			productType = "com.apple.product-type.application";
		};
		2A5A74CC2D7B92F900E91075 /* RoutinaiOSTests */ = {
			isa = PBXNativeTarget;
			buildConfigurationList = 2A5A74E42D7B92F900E91075 /* Build configuration list for PBXNativeTarget "RoutinaiOSTests" */;
			buildPhases = (
				2A5A74C92D7B92F900E91075 /* Sources */,
				2A5A74CA2D7B92F900E91075 /* Frameworks */,
				2A5A74CB2D7B92F900E91075 /* Resources */,
			);
			buildRules = (
			);
			dependencies = (
				1F1000022F30000100000001 /* PBXTargetDependency */,
			);
			fileSystemSynchronizedGroups = (
				1F1000032F30000100000001 /* iOS Tests */,
				2A5A74D02D7B92F900E91075 /* Shared Tests */,
			);
			name = RoutinaiOSTests;
			packageProductDependencies = (
				2A4B56AF2D8DB4AB00760BCA /* ComposableArchitecture */,
				2B1001042E5F000100000001 /* Dependencies */,
				2B1001052E5F000100000001 /* CasePaths */,
				2B1001062E5F000100000001 /* Perception */,
				2B1001082E5F000100000001 /* ConcurrencyExtras */,
				2B1001102E5F000100000001 /* PerceptionCore */,
			);
			productName = CallMomTests;
			productReference = 2A5A74CD2D7B92F900E91075 /* RoutinaiOSTests.xctest */;
			productType = "com.apple.product-type.bundle.unit-test";
		};
		2A5A74D62D7B92F900E91075 /* RoutinaiOSUITests */ = {
			isa = PBXNativeTarget;
			buildConfigurationList = 2A5A74E72D7B92F900E91075 /* Build configuration list for PBXNativeTarget "RoutinaiOSUITests" */;
			buildPhases = (
				2A5A74D32D7B92F900E91075 /* Sources */,
				2A5A74D42D7B92F900E91075 /* Frameworks */,
				2A5A74D52D7B92F900E91075 /* Resources */,
			);
			buildRules = (
			);
			dependencies = (
				2A5A74D92D7B92F900E91075 /* PBXTargetDependency */,
			);
			fileSystemSynchronizedGroups = (
				2A5A74DA2D7B92F900E91075 /* UI Tests */,
			);
			name = RoutinaiOSUITests;
			productName = CallMomUITests;
			productReference = 2A5A74D72D7B92F900E91075 /* RoutinaiOSUITests.xctest */;
			productType = "com.apple.product-type.bundle.ui-testing";
		};
		3D1000402E70000100000001 /* RoutinaiOSDev */ = {
			isa = PBXNativeTarget;
			buildConfigurationList = 3D1000432E70000100000001 /* Build configuration list for PBXNativeTarget "RoutinaiOSDev" */;
			buildPhases = (
				3D1000412E70000100000001 /* Sources */,
				3D1000302E70000100000001 /* Frameworks */,
				3D1000422E70000100000001 /* Resources */,
			);
			buildRules = (
			);
			dependencies = (
			);
			fileSystemSynchronizedGroups = (
				2A5A74BF2D7B92F600E91075 /* iOSConfig */,
				AA0000012F30000100000001 /* iOSApp */,
				AA0000022F30000100000001 /* SharedCore */,
				AA0000032F30000100000001 /* AppResources */,
			);
			name = RoutinaiOSDev;
			packageProductDependencies = (
				2A4B56AD2D8DB48D00760BCA /* ComposableArchitecture */,
				2B1001012E5F000100000001 /* Dependencies */,
				2B1001022E5F000100000001 /* CasePaths */,
				2B1001032E5F000100000001 /* Perception */,
				2B1001072E5F000100000001 /* ConcurrencyExtras */,
				2B1001092E5F000100000001 /* PerceptionCore */,
			);
			productName = RoutinaiOSDev;
			productReference = 3D1000102E70000100000001 /* RoutinaiOSDev.app */;
			productType = "com.apple.product-type.application";
		};
		5F1000132E90000100000001 /* RoutinaWatchApp */ = {
			isa = PBXNativeTarget;
			buildConfigurationList = 5F1000252E90000100000001 /* Build configuration list for PBXNativeTarget "RoutinaWatchApp" */;
			buildPhases = (
				5F1000172E90000100000001 /* Sources */,
				5F1000112E90000100000001 /* Frameworks */,
				5F1000152E90000100000001 /* Resources */,
				5F1000062E90000100000001 /* Embed App Extensions */,
			);
			buildRules = (
			);
			dependencies = (
				5F1000202E90000100000001 /* PBXTargetDependency */,
			);
			fileSystemSynchronizedGroups = (
				5F1000092E90000100000001 /* Watch App */,
			);
			name = RoutinaWatchApp;
			packageProductDependencies = (
			);
			productName = RoutinaWatchApp;
			productReference = 5F1000072E90000100000001 /* RoutinaWatchApp.app */;
			productType = "com.apple.product-type.application.watchapp2";
		};
		5F1000142E90000100000001 /* RoutinaWatchExtension */ = {
			isa = PBXNativeTarget;
			buildConfigurationList = 5F1000262E90000100000001 /* Build configuration list for PBXNativeTarget "RoutinaWatchExtension" */;
			buildPhases = (
				5F1000182E90000100000001 /* Sources */,
				5F1000122E90000100000001 /* Frameworks */,
				5F1000162E90000100000001 /* Resources */,
			);
			buildRules = (
			);
			dependencies = (
			);
			fileSystemSynchronizedGroups = (
				5F1000102E90000100000001 /* Watch Extension */,
			);
			name = RoutinaWatchExtension;
			productName = RoutinaWatchExtension;
			productReference = 5F1000082E90000100000001 /* RoutinaWatchExtension.appex */;
			productType = "com.apple.product-type.watchkit2-extension";
		};
/* End PBXNativeTarget section */

/* Begin PBXProject section */
		2A5A74B52D7B92F600E91075 /* Project object */ = {
			isa = PBXProject;
			attributes = {
				BuildIndependentTargetsInParallel = 1;
				LastSwiftUpdateCheck = 1620;
				LastUpgradeCheck = 1620;
				TargetAttributes = {
					2A5A74BC2D7B92F600E91075 = {
						CreatedOnToolsVersion = 16.2;
					};
					2A5A74CC2D7B92F900E91075 = {
						CreatedOnToolsVersion = 16.2;
						TestTargetID = 2A5A74BC2D7B92F600E91075;
					};
					2A5A74D62D7B92F900E91075 = {
						CreatedOnToolsVersion = 16.2;
						TestTargetID = 2A5A74BC2D7B92F600E91075;
					};
					3D1000402E70000100000001 = {
						CreatedOnToolsVersion = 16.2;
					};
					5F1000132E90000100000001 = {
						CreatedOnToolsVersion = 16.2;
					};
					5F1000142E90000100000001 = {
						CreatedOnToolsVersion = 16.2;
					};
				};
			};
			buildConfigurationList = 2A5A74B82D7B92F600E91075 /* Build configuration list for PBXProject "RoutinaiOS" */;
			developmentRegion = en;
			hasScannedForEncodings = 0;
			knownRegions = (
				en,
				Base,
			);
			mainGroup = 2A5A74B42D7B92F600E91075;
			minimizedProjectReferenceProxies = 1;
			packageReferences = (
				7A2200012F20000100000001 /* XCLocalSwiftPackageReference "." */,
				2A4B56AC2D8DB48D00760BCA /* XCRemoteSwiftPackageReference "swift-composable-architecture" */,
				2B1002012E5F000100000001 /* XCRemoteSwiftPackageReference "swift-dependencies" */,
				2B1002022E5F000100000001 /* XCRemoteSwiftPackageReference "swift-case-paths" */,
				2B1002032E5F000100000001 /* XCRemoteSwiftPackageReference "swift-perception" */,
				2B1002042E5F000100000001 /* XCRemoteSwiftPackageReference "swift-concurrency-extras" */,
			);
			preferredProjectObjectVersion = 77;
			productRefGroup = 2A5A74BE2D7B92F600E91075 /* Products */;
			projectDirPath = "";
			projectRoot = "";
			targets = (
				2A5A74BC2D7B92F600E91075 /* RoutinaiOSProd */,
				3D1000402E70000100000001 /* RoutinaiOSDev */,
				5F1000132E90000100000001 /* RoutinaWatchApp */,
				5F1000142E90000100000001 /* RoutinaWatchExtension */,
				2A5A74CC2D7B92F900E91075 /* RoutinaiOSTests */,
				2A5A74D62D7B92F900E91075 /* RoutinaiOSUITests */,
			);
		};
/* End PBXProject section */

/* Begin PBXResourcesBuildPhase section */
		2A5A74BB2D7B92F600E91075 /* Resources */ = {
			isa = PBXResourcesBuildPhase;
			buildActionMask = 2147483647;
			files = (
			);
			runOnlyForDeploymentPostprocessing = 0;
		};
		2A5A74CB2D7B92F900E91075 /* Resources */ = {
			isa = PBXResourcesBuildPhase;
			buildActionMask = 2147483647;
			files = (
			);
			runOnlyForDeploymentPostprocessing = 0;
		};
		2A5A74D52D7B92F900E91075 /* Resources */ = {
			isa = PBXResourcesBuildPhase;
			buildActionMask = 2147483647;
			files = (
			);
			runOnlyForDeploymentPostprocessing = 0;
		};
		3D1000422E70000100000001 /* Resources */ = {
			isa = PBXResourcesBuildPhase;
			buildActionMask = 2147483647;
			files = (
			);
			runOnlyForDeploymentPostprocessing = 0;
		};
		5F1000152E90000100000001 /* Resources */ = {
			isa = PBXResourcesBuildPhase;
			buildActionMask = 2147483647;
			files = (
			);
			runOnlyForDeploymentPostprocessing = 0;
		};
		5F1000162E90000100000001 /* Resources */ = {
			isa = PBXResourcesBuildPhase;
			buildActionMask = 2147483647;
			files = (
			);
			runOnlyForDeploymentPostprocessing = 0;
		};
/* End PBXResourcesBuildPhase section */

/* Begin PBXSourcesBuildPhase section */
		2A5A74B92D7B92F600E91075 /* Sources */ = {
			isa = PBXSourcesBuildPhase;
			buildActionMask = 2147483647;
			files = (
			);
			runOnlyForDeploymentPostprocessing = 0;
		};
		2A5A74C92D7B92F900E91075 /* Sources */ = {
			isa = PBXSourcesBuildPhase;
			buildActionMask = 2147483647;
			files = (
			);
			runOnlyForDeploymentPostprocessing = 0;
		};
		2A5A74D32D7B92F900E91075 /* Sources */ = {
			isa = PBXSourcesBuildPhase;
			buildActionMask = 2147483647;
			files = (
			);
			runOnlyForDeploymentPostprocessing = 0;
		};
		3D1000412E70000100000001 /* Sources */ = {
			isa = PBXSourcesBuildPhase;
			buildActionMask = 2147483647;
			files = (
			);
			runOnlyForDeploymentPostprocessing = 0;
		};
		5F1000172E90000100000001 /* Sources */ = {
			isa = PBXSourcesBuildPhase;
			buildActionMask = 2147483647;
			files = (
			);
			runOnlyForDeploymentPostprocessing = 0;
		};
		5F1000182E90000100000001 /* Sources */ = {
			isa = PBXSourcesBuildPhase;
			buildActionMask = 2147483647;
			files = (
			);
			runOnlyForDeploymentPostprocessing = 0;
		};
/* End PBXSourcesBuildPhase section */

/* Begin PBXTargetDependency section */
		1F1000022F30000100000001 /* PBXTargetDependency */ = {
			isa = PBXTargetDependency;
			target = 3D1000402E70000100000001 /* RoutinaiOSDev */;
			targetProxy = 1F1000012F30000100000001 /* PBXContainerItemProxy */;
		};
		2A5A74D92D7B92F900E91075 /* PBXTargetDependency */ = {
			isa = PBXTargetDependency;
			target = 2A5A74BC2D7B92F600E91075 /* RoutinaiOSProd */;
			targetProxy = 2A5A74D82D7B92F900E91075 /* PBXContainerItemProxy */;
		};
		5F1000192E90000100000001 /* PBXTargetDependency */ = {
			isa = PBXTargetDependency;
			target = 5F1000132E90000100000001 /* RoutinaWatchApp */;
			targetProxy = 5F1000032E90000100000001 /* PBXContainerItemProxy */;
		};
		5F1000202E90000100000001 /* PBXTargetDependency */ = {
			isa = PBXTargetDependency;
			target = 5F1000142E90000100000001 /* RoutinaWatchExtension */;
			targetProxy = 5F1000042E90000100000001 /* PBXContainerItemProxy */;
		};
/* End PBXTargetDependency section */

/* Begin XCBuildConfiguration section */
		2A5A74DF2D7B92F900E91075 /* Debug */ = {
			isa = XCBuildConfiguration;
			buildSettings = {
				ALWAYS_SEARCH_USER_PATHS = NO;
				ASSETCATALOG_COMPILER_GENERATE_SWIFT_ASSET_SYMBOL_EXTENSIONS = YES;
				CLANG_ANALYZER_NONNULL = YES;
				CLANG_ANALYZER_NUMBER_OBJECT_CONVERSION = YES_AGGRESSIVE;
				CLANG_CXX_LANGUAGE_STANDARD = "gnu++20";
				CLANG_ENABLE_MODULES = YES;
				CLANG_ENABLE_OBJC_ARC = YES;
				CLANG_ENABLE_OBJC_WEAK = YES;
				CLANG_WARN_BLOCK_CAPTURE_AUTORELEASING = YES;
				CLANG_WARN_BOOL_CONVERSION = YES;
				CLANG_WARN_COMMA = YES;
				CLANG_WARN_CONSTANT_CONVERSION = YES;
				CLANG_WARN_DEPRECATED_OBJC_IMPLEMENTATIONS = YES;
				CLANG_WARN_DIRECT_OBJC_ISA_USAGE = YES_ERROR;
				CLANG_WARN_DOCUMENTATION_COMMENTS = YES;
				CLANG_WARN_EMPTY_BODY = YES;
				CLANG_WARN_ENUM_CONVERSION = YES;
				CLANG_WARN_INFINITE_RECURSION = YES;
				CLANG_WARN_INT_CONVERSION = YES;
				CLANG_WARN_NON_LITERAL_NULL_CONVERSION = YES;
				CLANG_WARN_OBJC_IMPLICIT_RETAIN_SELF = YES;
				CLANG_WARN_OBJC_LITERAL_CONVERSION = YES;
				CLANG_WARN_OBJC_ROOT_CLASS = YES_ERROR;
				CLANG_WARN_QUOTED_INCLUDE_IN_FRAMEWORK_HEADER = YES;
				CLANG_WARN_RANGE_LOOP_ANALYSIS = YES;
				CLANG_WARN_STRICT_PROTOTYPES = YES;
				CLANG_WARN_SUSPICIOUS_MOVE = YES;
				CLANG_WARN_UNGUARDED_AVAILABILITY = YES_AGGRESSIVE;
				CLANG_WARN_UNREACHABLE_CODE = YES;
				CLANG_WARN__DUPLICATE_METHOD_MATCH = YES;
				COPY_PHASE_STRIP = NO;
				CURRENT_PROJECT_VERSION = 0.2;
				DEBUG_INFORMATION_FORMAT = dwarf;
				ENABLE_STRICT_OBJC_MSGSEND = YES;
				ENABLE_TESTABILITY = YES;
				ENABLE_USER_SCRIPT_SANDBOXING = YES;
				GCC_C_LANGUAGE_STANDARD = gnu17;
				GCC_DYNAMIC_NO_PIC = NO;
				GCC_NO_COMMON_BLOCKS = YES;
				GCC_OPTIMIZATION_LEVEL = 0;
				GCC_PREPROCESSOR_DEFINITIONS = (
					"DEBUG=1",
					"$(inherited)",
				);
				GCC_WARN_64_TO_32_BIT_CONVERSION = YES;
				GCC_WARN_ABOUT_RETURN_TYPE = YES_ERROR;
				GCC_WARN_UNDECLARED_SELECTOR = YES;
				GCC_WARN_UNINITIALIZED_AUTOS = YES_AGGRESSIVE;
				GCC_WARN_UNUSED_FUNCTION = YES;
				GCC_WARN_UNUSED_VARIABLE = YES;
				IPHONEOS_DEPLOYMENT_TARGET = 18.2;
				LOCALIZATION_PREFERS_STRING_CATALOGS = YES;
				MTL_ENABLE_DEBUG_INFO = INCLUDE_SOURCE;
				MTL_FAST_MATH = YES;
				ONLY_ACTIVE_ARCH = YES;
				SDKROOT = iphoneos;
				SWIFT_ACTIVE_COMPILATION_CONDITIONS = "DEBUG $(inherited)";
				SWIFT_ENABLE_EXPLICIT_MODULES = NO;
				SWIFT_OPTIMIZATION_LEVEL = "-Onone";
				SWIFT_USE_INTEGRATED_DRIVER = NO;
			};
			name = Debug;
		};
		2A5A74E02D7B92F900E91075 /* Release */ = {
			isa = XCBuildConfiguration;
			buildSettings = {
				ALWAYS_SEARCH_USER_PATHS = NO;
				ASSETCATALOG_COMPILER_GENERATE_SWIFT_ASSET_SYMBOL_EXTENSIONS = YES;
				CLANG_ANALYZER_NONNULL = YES;
				CLANG_ANALYZER_NUMBER_OBJECT_CONVERSION = YES_AGGRESSIVE;
				CLANG_CXX_LANGUAGE_STANDARD = "gnu++20";
				CLANG_ENABLE_MODULES = YES;
				CLANG_ENABLE_OBJC_ARC = YES;
				CLANG_ENABLE_OBJC_WEAK = YES;
				CLANG_WARN_BLOCK_CAPTURE_AUTORELEASING = YES;
				CLANG_WARN_BOOL_CONVERSION = YES;
				CLANG_WARN_COMMA = YES;
				CLANG_WARN_CONSTANT_CONVERSION = YES;
				CLANG_WARN_DEPRECATED_OBJC_IMPLEMENTATIONS = YES;
				CLANG_WARN_DIRECT_OBJC_ISA_USAGE = YES_ERROR;
				CLANG_WARN_DOCUMENTATION_COMMENTS = YES;
				CLANG_WARN_EMPTY_BODY = YES;
				CLANG_WARN_ENUM_CONVERSION = YES;
				CLANG_WARN_INFINITE_RECURSION = YES;
				CLANG_WARN_INT_CONVERSION = YES;
				CLANG_WARN_NON_LITERAL_NULL_CONVERSION = YES;
				CLANG_WARN_OBJC_IMPLICIT_RETAIN_SELF = YES;
				CLANG_WARN_OBJC_LITERAL_CONVERSION = YES;
				CLANG_WARN_OBJC_ROOT_CLASS = YES_ERROR;
				CLANG_WARN_QUOTED_INCLUDE_IN_FRAMEWORK_HEADER = YES;
				CLANG_WARN_RANGE_LOOP_ANALYSIS = YES;
				CLANG_WARN_STRICT_PROTOTYPES = YES;
				CLANG_WARN_SUSPICIOUS_MOVE = YES;
				CLANG_WARN_UNGUARDED_AVAILABILITY = YES_AGGRESSIVE;
				CLANG_WARN_UNREACHABLE_CODE = YES;
				CLANG_WARN__DUPLICATE_METHOD_MATCH = YES;
				COPY_PHASE_STRIP = NO;
				CURRENT_PROJECT_VERSION = 0.2;
				DEBUG_INFORMATION_FORMAT = "dwarf-with-dsym";
				ENABLE_NS_ASSERTIONS = NO;
				ENABLE_STRICT_OBJC_MSGSEND = YES;
				ENABLE_USER_SCRIPT_SANDBOXING = YES;
				GCC_C_LANGUAGE_STANDARD = gnu17;
				GCC_NO_COMMON_BLOCKS = YES;
				GCC_WARN_64_TO_32_BIT_CONVERSION = YES;
				GCC_WARN_ABOUT_RETURN_TYPE = YES_ERROR;
				GCC_WARN_UNDECLARED_SELECTOR = YES;
				GCC_WARN_UNINITIALIZED_AUTOS = YES_AGGRESSIVE;
				GCC_WARN_UNUSED_FUNCTION = YES;
				GCC_WARN_UNUSED_VARIABLE = YES;
				IPHONEOS_DEPLOYMENT_TARGET = 18.2;
				LOCALIZATION_PREFERS_STRING_CATALOGS = YES;
				MTL_ENABLE_DEBUG_INFO = NO;
				MTL_FAST_MATH = YES;
				SDKROOT = iphoneos;
				SWIFT_COMPILATION_MODE = wholemodule;
				SWIFT_ENABLE_EXPLICIT_MODULES = NO;
				SWIFT_USE_INTEGRATED_DRIVER = NO;
				VALIDATE_PRODUCT = YES;
			};
			name = Release;
		};
		2A5A74E22D7B92F900E91075 /* Debug */ = {
			isa = XCBuildConfiguration;
			buildSettings = {
				ASSETCATALOG_COMPILER_ALTERNATE_APPICON_NAMES = "AppIconYellow AppIconTeal AppIconLightBlue AppIconDarkBlue";
				ASSETCATALOG_COMPILER_APPICON_NAME = AppIcon;
				ASSETCATALOG_COMPILER_GLOBAL_ACCENT_COLOR_NAME = AccentColor;
				CODE_SIGN_ENTITLEMENTS = Config/iOS/RoutinaiOS.entitlements;
				CODE_SIGN_STYLE = Automatic;
				CURRENT_PROJECT_VERSION = 1;
				DEVELOPMENT_ASSET_PATHS = "\"AppResources/Preview Content\"";
				DEVELOPMENT_TEAM = WV7G3G5SGX;
				ENABLE_PREVIEWS = YES;
					GENERATE_INFOPLIST_FILE = NO;
					INFOPLIST_FILE = Config/iOS/RoutinaiOSProd-Info.plist;
				IPHONEOS_DEPLOYMENT_TARGET = 26.0;
				LD_RUNPATH_SEARCH_PATHS = (
					"$(inherited)",
					"@executable_path/Frameworks",
				);
				MARKETING_VERSION = 1;
				PRODUCT_BUNDLE_IDENTIFIER = ir.hamedgh.Routinam;
				PRODUCT_MODULE_NAME = RoutinaProd;
				PRODUCT_NAME = Routinam;
				REGISTER_APP_GROUPS = NO;
				SUPPORTED_PLATFORMS = "iphoneos iphonesimulator";
				SUPPORTS_MACCATALYST = NO;
				SUPPORTS_MAC_DESIGNED_FOR_IPHONE_IPAD = NO;
				SUPPORTS_XR_DESIGNED_FOR_IPHONE_IPAD = NO;
				SWIFT_EMIT_LOC_STRINGS = YES;
				SWIFT_ENABLE_EXPLICIT_MODULES = NO;
				SWIFT_USE_INTEGRATED_DRIVER = NO;
				SWIFT_VERSION = 6.0;
				TARGETED_DEVICE_FAMILY = "1,2";
			};
			name = Debug;
		};
		2A5A74E32D7B92F900E91075 /* Release */ = {
			isa = XCBuildConfiguration;
			buildSettings = {
				ASSETCATALOG_COMPILER_ALTERNATE_APPICON_NAMES = "AppIconYellow AppIconTeal AppIconLightBlue AppIconDarkBlue";
				ASSETCATALOG_COMPILER_APPICON_NAME = AppIcon;
				ASSETCATALOG_COMPILER_GLOBAL_ACCENT_COLOR_NAME = AccentColor;
				CODE_SIGN_ENTITLEMENTS = Config/iOS/RoutinaiOS.entitlements;
				CODE_SIGN_STYLE = Automatic;
				CURRENT_PROJECT_VERSION = 1;
				DEVELOPMENT_ASSET_PATHS = "\"AppResources/Preview Content\"";
				DEVELOPMENT_TEAM = WV7G3G5SGX;
				ENABLE_PREVIEWS = YES;
					GENERATE_INFOPLIST_FILE = NO;
					INFOPLIST_FILE = Config/iOS/RoutinaiOSProd-Info.plist;
				IPHONEOS_DEPLOYMENT_TARGET = 26.0;
				LD_RUNPATH_SEARCH_PATHS = (
					"$(inherited)",
					"@executable_path/Frameworks",
				);
				MARKETING_VERSION = 1;
				PRODUCT_BUNDLE_IDENTIFIER = ir.hamedgh.Routinam;
				PRODUCT_MODULE_NAME = RoutinaProd;
				PRODUCT_NAME = Routinam;
				REGISTER_APP_GROUPS = NO;
				SUPPORTED_PLATFORMS = "iphoneos iphonesimulator";
				SUPPORTS_MACCATALYST = NO;
				SUPPORTS_MAC_DESIGNED_FOR_IPHONE_IPAD = NO;
				SUPPORTS_XR_DESIGNED_FOR_IPHONE_IPAD = NO;
				SWIFT_EMIT_LOC_STRINGS = YES;
				SWIFT_ENABLE_EXPLICIT_MODULES = NO;
				SWIFT_USE_INTEGRATED_DRIVER = NO;
				SWIFT_VERSION = 6.0;
				TARGETED_DEVICE_FAMILY = "1,2";
			};
			name = Release;
		};
		2A5A74E52D7B92F900E91075 /* Debug */ = {
			isa = XCBuildConfiguration;
			buildSettings = {
				BUNDLE_LOADER = "$(TEST_HOST)";
				CODE_SIGN_STYLE = Automatic;
				CURRENT_PROJECT_VERSION = 0.2;
				DEVELOPMENT_TEAM = WV7G3G5SGX;
				GENERATE_INFOPLIST_FILE = YES;
				IPHONEOS_DEPLOYMENT_TARGET = 26.0;
				MARKETING_VERSION = 1.0;
				PRODUCT_BUNDLE_IDENTIFIER = hamedgh.ir.CallMomTests;
				PRODUCT_NAME = "$(TARGET_NAME)";
				SUPPORTED_PLATFORMS = "iphoneos iphonesimulator";
				SUPPORTS_MACCATALYST = NO;
				SUPPORTS_MAC_DESIGNED_FOR_IPHONE_IPAD = NO;
				SUPPORTS_XR_DESIGNED_FOR_IPHONE_IPAD = NO;
				SWIFT_EMIT_LOC_STRINGS = NO;
				SWIFT_ENABLE_EXPLICIT_MODULES = NO;
				SWIFT_USE_INTEGRATED_DRIVER = NO;
				SWIFT_VERSION = 6.0;
				TARGETED_DEVICE_FAMILY = "1,2";
				TEST_HOST = "$(BUILT_PRODUCTS_DIR)/RoutinaiOSDev.app/RoutinaiOSDev";
			};
			name = Debug;
		};
		2A5A74E62D7B92F900E91075 /* Release */ = {
			isa = XCBuildConfiguration;
			buildSettings = {
				BUNDLE_LOADER = "$(TEST_HOST)";
				CODE_SIGN_STYLE = Automatic;
				CURRENT_PROJECT_VERSION = 0.2;
				DEVELOPMENT_TEAM = WV7G3G5SGX;
				GENERATE_INFOPLIST_FILE = YES;
				IPHONEOS_DEPLOYMENT_TARGET = 26.0;
				MARKETING_VERSION = 1.0;
				PRODUCT_BUNDLE_IDENTIFIER = hamedgh.ir.CallMomTests;
				PRODUCT_NAME = "$(TARGET_NAME)";
				SUPPORTED_PLATFORMS = "iphoneos iphonesimulator";
				SUPPORTS_MACCATALYST = NO;
				SUPPORTS_MAC_DESIGNED_FOR_IPHONE_IPAD = NO;
				SUPPORTS_XR_DESIGNED_FOR_IPHONE_IPAD = NO;
				SWIFT_EMIT_LOC_STRINGS = NO;
				SWIFT_ENABLE_EXPLICIT_MODULES = NO;
				SWIFT_USE_INTEGRATED_DRIVER = NO;
				SWIFT_VERSION = 6.0;
				TARGETED_DEVICE_FAMILY = "1,2";
				TEST_HOST = "$(BUILT_PRODUCTS_DIR)/RoutinaiOSDev.app/RoutinaiOSDev";
			};
			name = Release;
		};
		2A5A74E82D7B92F900E91075 /* Debug */ = {
			isa = XCBuildConfiguration;
			buildSettings = {
				CODE_SIGN_STYLE = Automatic;
				CURRENT_PROJECT_VERSION = 0.2;
				DEVELOPMENT_TEAM = WV7G3G5SGX;
				GENERATE_INFOPLIST_FILE = YES;
				IPHONEOS_DEPLOYMENT_TARGET = 26.0;
				MARKETING_VERSION = 1.0;
				PRODUCT_BUNDLE_IDENTIFIER = hamedgh.ir.CallMomUITests;
				PRODUCT_NAME = "$(TARGET_NAME)";
				SUPPORTED_PLATFORMS = "iphoneos iphonesimulator";
				SUPPORTS_MACCATALYST = NO;
				SUPPORTS_MAC_DESIGNED_FOR_IPHONE_IPAD = NO;
				SUPPORTS_XR_DESIGNED_FOR_IPHONE_IPAD = NO;
				SWIFT_EMIT_LOC_STRINGS = NO;
				SWIFT_ENABLE_EXPLICIT_MODULES = NO;
				SWIFT_USE_INTEGRATED_DRIVER = NO;
				SWIFT_VERSION = 6.0;
				TARGETED_DEVICE_FAMILY = "1,2";
				TESTING_FRAMEWORK_MODULE_ALIAS_FLAGS = "";
				TEST_TARGET_NAME = RoutinaiOSDev;
			};
			name = Debug;
		};
		2A5A74E92D7B92F900E91075 /* Release */ = {
			isa = XCBuildConfiguration;
			buildSettings = {
				CODE_SIGN_STYLE = Automatic;
				CURRENT_PROJECT_VERSION = 0.2;
				DEVELOPMENT_TEAM = WV7G3G5SGX;
				GENERATE_INFOPLIST_FILE = YES;
				IPHONEOS_DEPLOYMENT_TARGET = 26.0;
				MARKETING_VERSION = 1.0;
				PRODUCT_BUNDLE_IDENTIFIER = hamedgh.ir.CallMomUITests;
				PRODUCT_NAME = "$(TARGET_NAME)";
				SUPPORTED_PLATFORMS = "iphoneos iphonesimulator";
				SUPPORTS_MACCATALYST = NO;
				SUPPORTS_MAC_DESIGNED_FOR_IPHONE_IPAD = NO;
				SUPPORTS_XR_DESIGNED_FOR_IPHONE_IPAD = NO;
				SWIFT_EMIT_LOC_STRINGS = NO;
				SWIFT_ENABLE_EXPLICIT_MODULES = NO;
				SWIFT_USE_INTEGRATED_DRIVER = NO;
				SWIFT_VERSION = 6.0;
				TARGETED_DEVICE_FAMILY = "1,2";
				TESTING_FRAMEWORK_MODULE_ALIAS_FLAGS = "";
				TEST_TARGET_NAME = RoutinaiOSDev;
			};
			name = Release;
		};
		3D1000442E70000100000001 /* Debug */ = {
			isa = XCBuildConfiguration;
			buildSettings = {
				ASSETCATALOG_COMPILER_ALTERNATE_APPICON_NAMES = "AppIconYellow AppIconTeal AppIconLightBlue AppIconDarkBlue";
				ASSETCATALOG_COMPILER_APPICON_NAME = AppIcon;
				ASSETCATALOG_COMPILER_GLOBAL_ACCENT_COLOR_NAME = AccentColor;
				CODE_SIGN_ENTITLEMENTS = Config/iOS/RoutinaiOSDev.entitlements;
				CODE_SIGN_STYLE = Automatic;
				CURRENT_PROJECT_VERSION = 1;
				DEVELOPMENT_ASSET_PATHS = "\"AppResources/Preview Content\"";
				DEVELOPMENT_TEAM = WV7G3G5SGX;
				ENABLE_PREVIEWS = YES;
					GENERATE_INFOPLIST_FILE = NO;
					INFOPLIST_FILE = Config/iOS/RoutinaiOSDev-Info.plist;
				IPHONEOS_DEPLOYMENT_TARGET = 26.0;
				LD_RUNPATH_SEARCH_PATHS = (
					"$(inherited)",
					"@executable_path/Frameworks",
				);
				MARKETING_VERSION = 1;
				PRODUCT_BUNDLE_IDENTIFIER = ir.hamedgh.Routinam.dev;
				PRODUCT_MODULE_NAME = Routina;
				PRODUCT_NAME = "$(TARGET_NAME)";
				REGISTER_APP_GROUPS = NO;
				SUPPORTED_PLATFORMS = "iphoneos iphonesimulator";
				SUPPORTS_MACCATALYST = NO;
				SUPPORTS_MAC_DESIGNED_FOR_IPHONE_IPAD = NO;
				SUPPORTS_XR_DESIGNED_FOR_IPHONE_IPAD = NO;
				SWIFT_EMIT_LOC_STRINGS = YES;
				SWIFT_ENABLE_EXPLICIT_MODULES = NO;
				SWIFT_USE_INTEGRATED_DRIVER = NO;
				SWIFT_VERSION = 6.0;
				TARGETED_DEVICE_FAMILY = "1,2";
			};
			name = Debug;
		};
		3D1000452E70000100000001 /* Release */ = {
			isa = XCBuildConfiguration;
			buildSettings = {
				ASSETCATALOG_COMPILER_ALTERNATE_APPICON_NAMES = "AppIconYellow AppIconTeal AppIconLightBlue AppIconDarkBlue";
				ASSETCATALOG_COMPILER_APPICON_NAME = AppIcon;
				ASSETCATALOG_COMPILER_GLOBAL_ACCENT_COLOR_NAME = AccentColor;
				CODE_SIGN_ENTITLEMENTS = Config/iOS/RoutinaiOSDev.entitlements;
				CODE_SIGN_STYLE = Automatic;
				CURRENT_PROJECT_VERSION = 1;
				DEVELOPMENT_ASSET_PATHS = "\"AppResources/Preview Content\"";
				DEVELOPMENT_TEAM = WV7G3G5SGX;
				ENABLE_PREVIEWS = YES;
					GENERATE_INFOPLIST_FILE = NO;
					INFOPLIST_FILE = Config/iOS/RoutinaiOSDev-Info.plist;
				IPHONEOS_DEPLOYMENT_TARGET = 26.0;
				LD_RUNPATH_SEARCH_PATHS = (
					"$(inherited)",
					"@executable_path/Frameworks",
				);
				MARKETING_VERSION = 1;
				PRODUCT_BUNDLE_IDENTIFIER = ir.hamedgh.Routinam.dev;
				PRODUCT_MODULE_NAME = Routina;
				PRODUCT_NAME = "$(TARGET_NAME)";
				REGISTER_APP_GROUPS = NO;
				SUPPORTED_PLATFORMS = "iphoneos iphonesimulator";
				SUPPORTS_MACCATALYST = NO;
				SUPPORTS_MAC_DESIGNED_FOR_IPHONE_IPAD = NO;
				SUPPORTS_XR_DESIGNED_FOR_IPHONE_IPAD = NO;
				SWIFT_EMIT_LOC_STRINGS = YES;
				SWIFT_ENABLE_EXPLICIT_MODULES = NO;
				SWIFT_USE_INTEGRATED_DRIVER = NO;
				SWIFT_VERSION = 6.0;
				TARGETED_DEVICE_FAMILY = "1,2";
			};
			name = Release;
		};
		5F1000212E90000100000001 /* Debug */ = {
			isa = XCBuildConfiguration;
			buildSettings = {
				ASSETCATALOG_COMPILER_APPICON_NAME = AppIcon;
				CODE_SIGN_STYLE = Automatic;
				CURRENT_PROJECT_VERSION = 1;
				DEVELOPMENT_TEAM = WV7G3G5SGX;
				GENERATE_INFOPLIST_FILE = NO;
				INFOPLIST_FILE = RoutinaWatchApp/Info.plist;
				LD_RUNPATH_SEARCH_PATHS = (
					"$(inherited)",
					"@executable_path/Frameworks",
				);
				MARKETING_VERSION = 1;
				PRODUCT_BUNDLE_IDENTIFIER = ir.hamedgh.Routinam.watchkitapp;
				PRODUCT_NAME = "$(TARGET_NAME)";
				SDKROOT = watchos;
				SKIP_INSTALL = YES;
				SUPPORTED_PLATFORMS = "watchos watchsimulator";
				SWIFT_EMIT_LOC_STRINGS = YES;
				SWIFT_ENABLE_EXPLICIT_MODULES = NO;
				SWIFT_USE_INTEGRATED_DRIVER = NO;
				SWIFT_VERSION = 6.0;
				TARGETED_DEVICE_FAMILY = 4;
				WATCHOS_DEPLOYMENT_TARGET = 26.0;
			};
			name = Debug;
		};
		5F1000222E90000100000001 /* Release */ = {
			isa = XCBuildConfiguration;
			buildSettings = {
				ASSETCATALOG_COMPILER_APPICON_NAME = AppIcon;
				CODE_SIGN_STYLE = Automatic;
				CURRENT_PROJECT_VERSION = 1;
				DEVELOPMENT_TEAM = WV7G3G5SGX;
				GENERATE_INFOPLIST_FILE = NO;
				INFOPLIST_FILE = RoutinaWatchApp/Info.plist;
				LD_RUNPATH_SEARCH_PATHS = (
					"$(inherited)",
					"@executable_path/Frameworks",
				);
				MARKETING_VERSION = 1;
				PRODUCT_BUNDLE_IDENTIFIER = ir.hamedgh.Routinam.watchkitapp;
				PRODUCT_NAME = "$(TARGET_NAME)";
				SDKROOT = watchos;
				SKIP_INSTALL = YES;
				SUPPORTED_PLATFORMS = "watchos watchsimulator";
				SWIFT_EMIT_LOC_STRINGS = YES;
				SWIFT_ENABLE_EXPLICIT_MODULES = NO;
				SWIFT_USE_INTEGRATED_DRIVER = NO;
				SWIFT_VERSION = 6.0;
				TARGETED_DEVICE_FAMILY = 4;
				WATCHOS_DEPLOYMENT_TARGET = 26.0;
			};
			name = Release;
		};
		5F1000232E90000100000001 /* Debug */ = {
			isa = XCBuildConfiguration;
			buildSettings = {
				APPLICATION_EXTENSION_API_ONLY = YES;
				CODE_SIGN_STYLE = Automatic;
				CURRENT_PROJECT_VERSION = 1;
				DEVELOPMENT_TEAM = WV7G3G5SGX;
				GENERATE_INFOPLIST_FILE = NO;
				INFOPLIST_FILE = RoutinaWatchExtension/Info.plist;
				LD_RUNPATH_SEARCH_PATHS = (
					"$(inherited)",
					"@executable_path/Frameworks",
					"@executable_path/../../Frameworks",
				);
				MARKETING_VERSION = 1;
				PRODUCT_BUNDLE_IDENTIFIER = ir.hamedgh.Routinam.watchkitapp.watchkitextension;
				PRODUCT_NAME = "$(TARGET_NAME)";
				SDKROOT = watchos;
				SKIP_INSTALL = YES;
				SUPPORTED_PLATFORMS = "watchos watchsimulator";
				SWIFT_EMIT_LOC_STRINGS = YES;
				SWIFT_ENABLE_EXPLICIT_MODULES = NO;
				SWIFT_USE_INTEGRATED_DRIVER = NO;
				SWIFT_VERSION = 6.0;
				TARGETED_DEVICE_FAMILY = 4;
				WATCHOS_DEPLOYMENT_TARGET = 26.0;
			};
			name = Debug;
		};
		5F1000242E90000100000001 /* Release */ = {
			isa = XCBuildConfiguration;
			buildSettings = {
				APPLICATION_EXTENSION_API_ONLY = YES;
				CODE_SIGN_STYLE = Automatic;
				CURRENT_PROJECT_VERSION = 1;
				DEVELOPMENT_TEAM = WV7G3G5SGX;
				GENERATE_INFOPLIST_FILE = NO;
				INFOPLIST_FILE = RoutinaWatchExtension/Info.plist;
				LD_RUNPATH_SEARCH_PATHS = (
					"$(inherited)",
					"@executable_path/Frameworks",
					"@executable_path/../../Frameworks",
				);
				MARKETING_VERSION = 1;
				PRODUCT_BUNDLE_IDENTIFIER = ir.hamedgh.Routinam.watchkitapp.watchkitextension;
				PRODUCT_NAME = "$(TARGET_NAME)";
				SDKROOT = watchos;
				SKIP_INSTALL = YES;
				SUPPORTED_PLATFORMS = "watchos watchsimulator";
				SWIFT_EMIT_LOC_STRINGS = YES;
				SWIFT_ENABLE_EXPLICIT_MODULES = NO;
				SWIFT_USE_INTEGRATED_DRIVER = NO;
				SWIFT_VERSION = 6.0;
				TARGETED_DEVICE_FAMILY = 4;
				WATCHOS_DEPLOYMENT_TARGET = 26.0;
			};
			name = Release;
		};
/* End XCBuildConfiguration section */

/* Begin XCConfigurationList section */
		2A5A74B82D7B92F600E91075 /* Build configuration list for PBXProject "RoutinaiOS" */ = {
			isa = XCConfigurationList;
			buildConfigurations = (
				2A5A74DF2D7B92F900E91075 /* Debug */,
				2A5A74E02D7B92F900E91075 /* Release */,
			);
			defaultConfigurationIsVisible = 0;
			defaultConfigurationName = Release;
		};
		2A5A74E12D7B92F900E91075 /* Build configuration list for PBXNativeTarget "RoutinaiOSProd" */ = {
			isa = XCConfigurationList;
			buildConfigurations = (
				2A5A74E22D7B92F900E91075 /* Debug */,
				2A5A74E32D7B92F900E91075 /* Release */,
			);
			defaultConfigurationIsVisible = 0;
			defaultConfigurationName = Release;
		};
		2A5A74E42D7B92F900E91075 /* Build configuration list for PBXNativeTarget "RoutinaiOSTests" */ = {
			isa = XCConfigurationList;
			buildConfigurations = (
				2A5A74E52D7B92F900E91075 /* Debug */,
				2A5A74E62D7B92F900E91075 /* Release */,
			);
			defaultConfigurationIsVisible = 0;
			defaultConfigurationName = Release;
		};
		2A5A74E72D7B92F900E91075 /* Build configuration list for PBXNativeTarget "RoutinaiOSUITests" */ = {
			isa = XCConfigurationList;
			buildConfigurations = (
				2A5A74E82D7B92F900E91075 /* Debug */,
				2A5A74E92D7B92F900E91075 /* Release */,
			);
			defaultConfigurationIsVisible = 0;
			defaultConfigurationName = Release;
		};
		3D1000432E70000100000001 /* Build configuration list for PBXNativeTarget "RoutinaiOSDev" */ = {
			isa = XCConfigurationList;
			buildConfigurations = (
				3D1000442E70000100000001 /* Debug */,
				3D1000452E70000100000001 /* Release */,
			);
			defaultConfigurationIsVisible = 0;
			defaultConfigurationName = Release;
		};
		5F1000252E90000100000001 /* Build configuration list for PBXNativeTarget "RoutinaWatchApp" */ = {
			isa = XCConfigurationList;
			buildConfigurations = (
				5F1000212E90000100000001 /* Debug */,
				5F1000222E90000100000001 /* Release */,
			);
			defaultConfigurationIsVisible = 0;
			defaultConfigurationName = Release;
		};
		5F1000262E90000100000001 /* Build configuration list for PBXNativeTarget "RoutinaWatchExtension" */ = {
			isa = XCConfigurationList;
			buildConfigurations = (
				5F1000232E90000100000001 /* Debug */,
				5F1000242E90000100000001 /* Release */,
			);
			defaultConfigurationIsVisible = 0;
			defaultConfigurationName = Release;
		};
/* End XCConfigurationList section */

/* Begin XCLocalSwiftPackageReference section */
		7A2200012F20000100000001 /* XCLocalSwiftPackageReference "." */ = {
			isa = XCLocalSwiftPackageReference;
			relativePath = .;
		};
/* End XCLocalSwiftPackageReference section */

/* Begin XCRemoteSwiftPackageReference section */
		2A4B56AC2D8DB48D00760BCA /* XCRemoteSwiftPackageReference "swift-composable-architecture" */ = {
			isa = XCRemoteSwiftPackageReference;
			repositoryURL = "https://github.com/pointfreeco/swift-composable-architecture";
			requirement = {
				kind = upToNextMajorVersion;
				minimumVersion = 1.24.1;
			};
		};
		2B1002012E5F000100000001 /* XCRemoteSwiftPackageReference "swift-dependencies" */ = {
			isa = XCRemoteSwiftPackageReference;
			repositoryURL = "https://github.com/pointfreeco/swift-dependencies";
			requirement = {
				kind = upToNextMajorVersion;
				minimumVersion = 1.4.0;
			};
		};
		2B1002022E5F000100000001 /* XCRemoteSwiftPackageReference "swift-case-paths" */ = {
			isa = XCRemoteSwiftPackageReference;
			repositoryURL = "https://github.com/pointfreeco/swift-case-paths";
			requirement = {
				kind = upToNextMajorVersion;
				minimumVersion = 1.5.4;
			};
		};
		2B1002032E5F000100000001 /* XCRemoteSwiftPackageReference "swift-perception" */ = {
			isa = XCRemoteSwiftPackageReference;
			repositoryURL = "https://github.com/pointfreeco/swift-perception";
			requirement = {
				kind = upToNextMajorVersion;
				minimumVersion = 1.3.4;
			};
		};
		2B1002042E5F000100000001 /* XCRemoteSwiftPackageReference "swift-concurrency-extras" */ = {
			isa = XCRemoteSwiftPackageReference;
			repositoryURL = "https://github.com/pointfreeco/swift-concurrency-extras";
			requirement = {
				kind = upToNextMajorVersion;
				minimumVersion = 1.2.0;
			};
		};
/* End XCRemoteSwiftPackageReference section */

/* Begin XCSwiftPackageProductDependency section */
		2A4B56AD2D8DB48D00760BCA /* ComposableArchitecture */ = {
			isa = XCSwiftPackageProductDependency;
			package = 2A4B56AC2D8DB48D00760BCA /* XCRemoteSwiftPackageReference "swift-composable-architecture" */;
			productName = ComposableArchitecture;
		};
		2A4B56AF2D8DB4AB00760BCA /* ComposableArchitecture */ = {
			isa = XCSwiftPackageProductDependency;
			package = 2A4B56AC2D8DB48D00760BCA /* XCRemoteSwiftPackageReference "swift-composable-architecture" */;
			productName = ComposableArchitecture;
		};
		2B1001012E5F000100000001 /* Dependencies */ = {
			isa = XCSwiftPackageProductDependency;
			package = 2B1002012E5F000100000001 /* XCRemoteSwiftPackageReference "swift-dependencies" */;
			productName = Dependencies;
		};
		2B1001022E5F000100000001 /* CasePaths */ = {
			isa = XCSwiftPackageProductDependency;
			package = 2B1002022E5F000100000001 /* XCRemoteSwiftPackageReference "swift-case-paths" */;
			productName = CasePaths;
		};
		2B1001032E5F000100000001 /* Perception */ = {
			isa = XCSwiftPackageProductDependency;
			package = 2B1002032E5F000100000001 /* XCRemoteSwiftPackageReference "swift-perception" */;
			productName = Perception;
		};
		2B1001042E5F000100000001 /* Dependencies */ = {
			isa = XCSwiftPackageProductDependency;
			package = 2B1002012E5F000100000001 /* XCRemoteSwiftPackageReference "swift-dependencies" */;
			productName = Dependencies;
		};
		2B1001052E5F000100000001 /* CasePaths */ = {
			isa = XCSwiftPackageProductDependency;
			package = 2B1002022E5F000100000001 /* XCRemoteSwiftPackageReference "swift-case-paths" */;
			productName = CasePaths;
		};
		2B1001062E5F000100000001 /* Perception */ = {
			isa = XCSwiftPackageProductDependency;
			package = 2B1002032E5F000100000001 /* XCRemoteSwiftPackageReference "swift-perception" */;
			productName = Perception;
		};
		2B1001072E5F000100000001 /* ConcurrencyExtras */ = {
			isa = XCSwiftPackageProductDependency;
			package = 2B1002042E5F000100000001 /* XCRemoteSwiftPackageReference "swift-concurrency-extras" */;
			productName = ConcurrencyExtras;
		};
		2B1001082E5F000100000001 /* ConcurrencyExtras */ = {
			isa = XCSwiftPackageProductDependency;
			package = 2B1002042E5F000100000001 /* XCRemoteSwiftPackageReference "swift-concurrency-extras" */;
			productName = ConcurrencyExtras;
		};
		2B1001092E5F000100000001 /* PerceptionCore */ = {
			isa = XCSwiftPackageProductDependency;
			package = 2B1002032E5F000100000001 /* XCRemoteSwiftPackageReference "swift-perception" */;
			productName = PerceptionCore;
		};
		2B1001102E5F000100000001 /* PerceptionCore */ = {
			isa = XCSwiftPackageProductDependency;
			package = 2B1002032E5F000100000001 /* XCRemoteSwiftPackageReference "swift-perception" */;
			productName = PerceptionCore;
		};
/* End XCSwiftPackageProductDependency section */
	};
	rootObject = 2A5A74B52D7B92F600E91075 /* Project object */;
}
